
Microsoft Visual Studio Solution File, Format Version 12.00
# Visual Studio Version 16
VisualStudioVersion = 16.0.29306.81
MinimumVisualStudioVersion = 10.0.40219.1
Project("{FAE04EC0-301F-11D3-BF4B-00C04F79EFBC}") = "OfflineDataSyncDemo.Module", "OfflineDataSyncDemo.Module\OfflineDataSyncDemo.Module.csproj", "{5F15837D-D1E5-44DC-92F0-4F2EBE9C3F8D}"
EndProject
Project("{FAE04EC0-301F-11D3-BF4B-00C04F79EFBC}") = "OfflineDataSyncDemo.Module.Web", "OfflineDataSyncDemo.Module.Web\OfflineDataSyncDemo.Module.Web.csproj", "{0C729AAD-7626-4668-A7F1-35F7D240489D}"
EndProject
Project("{FAE04EC0-301F-11D3-BF4B-00C04F79EFBC}") = "OfflineDataSyncDemo.Web", "OfflineDataSyncDemo.Web\OfflineDataSyncDemo.Web.csproj", "{82A6DBC9-B1B4-44E4-9718-55DF930CD349}"
EndProject
Project("{FAE04EC0-301F-11D3-BF4B-00C04F79EFBC}") = "OfflineDataSyncDemo.Module.Win", "OfflineDataSyncDemo.Module.Win\OfflineDataSyncDemo.Module.Win.csproj", "{7964F87D-BC5D-4C4E-8B2F-71E89739AA97}"
EndProject
Project("{FAE04EC0-301F-11D3-BF4B-00C04F79EFBC}") = "OfflineDataSyncDemo.Win", "OfflineDataSyncDemo.Win\OfflineDataSyncDemo.Win.csproj", "{D05D93DF-312D-4D4E-B980-726871EC7833}"
EndProject
Project("{2150E333-8FDC-42A3-9474-1A3956D46DE8}") = "Xaf", "Xaf", "{3233123A-1D8B-450D-A6F4-9342A68C1DC2}"
EndProject
Project("{2150E333-8FDC-42A3-9474-1A3956D46DE8}") = "Console", "Console", "{F116CCC6-F665-4CE6-8145-E8E9EA6967E1}"
EndProject
Project("{9A19103F-16F7-4668-BE54-9A1E7A4F7556}") = "Demo.ORM", "Demo.ORM\Demo.ORM.csproj", "{3C92B4C3-D8EF-495E-AF74-3A4EB7F505A6}"
EndProject
Project("{2150E333-8FDC-42A3-9474-1A3956D46DE8}") = "MasterServer", "MasterServer", "{7864CA51-F421-45BD-B65C-44979C08CFDA}"
EndProject
Project("{9A19103F-16F7-4668-BE54-9A1E7A4F7556}") = "BIT.Xpo.Sync.Server", "BIT.Xpo.Sync.Server\BIT.Xpo.Sync.Server.csproj", "{4F7E2355-AE8B-424D-A662-564FE32A2E0A}"
EndProject
Project("{FAE04EC0-301F-11D3-BF4B-00C04F79EFBC}") = "ConsoleDemo", "ConsoleDemo\ConsoleDemo.csproj", "{CB68E5D3-36A3-4AB9-9CC9-2B396DB1FF6F}"
EndProject
Project("{2150E333-8FDC-42A3-9474-1A3956D46DE8}") = "Xamarin", "Xamarin", "{1310BD3B-7E89-4313-A0BC-2D747B77D5CB}"
	ProjectSection(SolutionItems) = preProject
		TodoXamarin.txt = TodoXamarin.txt
	EndProjectSection
EndProject
Project("{9A19103F-16F7-4668-BE54-9A1E7A4F7556}") = "XamarinApp", "XamarinApp\XamarinApp\XamarinApp.csproj", "{34A05C83-D712-482B-A495-6AF5D1F54DE4}"
EndProject
Project("{FAE04EC0-301F-11D3-BF4B-00C04F79EFBC}") = "XamarinApp.Android", "XamarinApp\XamarinApp.Android\XamarinApp.Android.csproj", "{4FE54555-5901-4ED9-B3EE-B1B416536526}"
EndProject
Project("{FAE04EC0-301F-11D3-BF4B-00C04F79EFBC}") = "XamarinApp.iOS", "XamarinApp\XamarinApp.iOS\XamarinApp.iOS.csproj", "{CBC7D78A-9594-4718-9CBA-D7DDFB5B0191}"
EndProject
Project("{FAE04EC0-301F-11D3-BF4B-00C04F79EFBC}") = "XamarinApp.UWP", "XamarinApp\XamarinApp.UWP\XamarinApp.UWP.csproj", "{4F4A814D-E6F8-41FF-9074-02D2CEF5BAB2}"
EndProject
Project("{2150E333-8FDC-42A3-9474-1A3956D46DE8}") = "Solution Items", "Solution Items", "{7EE10467-3CD8-4CA6-9865-B84D1B8D6D57}"
	ProjectSection(SolutionItems) = preProject
		README.MD = README.MD
	EndProjectSection
EndProject
Global
	GlobalSection(SolutionConfigurationPlatforms) = preSolution
		Ad-Hoc|Any CPU = Ad-Hoc|Any CPU
		Ad-Hoc|ARM = Ad-Hoc|ARM
		Ad-Hoc|iPhone = Ad-Hoc|iPhone
		Ad-Hoc|iPhoneSimulator = Ad-Hoc|iPhoneSimulator
		Ad-Hoc|x64 = Ad-Hoc|x64
		Ad-Hoc|x86 = Ad-Hoc|x86
		AppStore|Any CPU = AppStore|Any CPU
		AppStore|ARM = AppStore|ARM
		AppStore|iPhone = AppStore|iPhone
		AppStore|iPhoneSimulator = AppStore|iPhoneSimulator
		AppStore|x64 = AppStore|x64
		AppStore|x86 = AppStore|x86
		Debug|Any CPU = Debug|Any CPU
		Debug|ARM = Debug|ARM
		Debug|iPhone = Debug|iPhone
		Debug|iPhoneSimulator = Debug|iPhoneSimulator
		Debug|x64 = Debug|x64
		Debug|x86 = Debug|x86
		EasyTest|Any CPU = EasyTest|Any CPU
		EasyTest|ARM = EasyTest|ARM
		EasyTest|iPhone = EasyTest|iPhone
		EasyTest|iPhoneSimulator = EasyTest|iPhoneSimulator
		EasyTest|x64 = EasyTest|x64
		EasyTest|x86 = EasyTest|x86
		Release|Any CPU = Release|Any CPU
		Release|ARM = Release|ARM
		Release|iPhone = Release|iPhone
		Release|iPhoneSimulator = Release|iPhoneSimulator
		Release|x64 = Release|x64
		Release|x86 = Release|x86
	EndGlobalSection
	GlobalSection(ProjectConfigurationPlatforms) = postSolution
		{5F15837D-D1E5-44DC-92F0-4F2EBE9C3F8D}.Ad-Hoc|Any CPU.ActiveCfg = Release|Any CPU
		{5F15837D-D1E5-44DC-92F0-4F2EBE9C3F8D}.Ad-Hoc|Any CPU.Build.0 = Release|Any CPU
		{5F15837D-D1E5-44DC-92F0-4F2EBE9C3F8D}.Ad-Hoc|ARM.ActiveCfg = Release|Any CPU
		{5F15837D-D1E5-44DC-92F0-4F2EBE9C3F8D}.Ad-Hoc|ARM.Build.0 = Release|Any CPU
		{5F15837D-D1E5-44DC-92F0-4F2EBE9C3F8D}.Ad-Hoc|iPhone.ActiveCfg = Release|Any CPU
		{5F15837D-D1E5-44DC-92F0-4F2EBE9C3F8D}.Ad-Hoc|iPhone.Build.0 = Release|Any CPU
		{5F15837D-D1E5-44DC-92F0-4F2EBE9C3F8D}.Ad-Hoc|iPhoneSimulator.ActiveCfg = Release|Any CPU
		{5F15837D-D1E5-44DC-92F0-4F2EBE9C3F8D}.Ad-Hoc|iPhoneSimulator.Build.0 = Release|Any CPU
		{5F15837D-D1E5-44DC-92F0-4F2EBE9C3F8D}.Ad-Hoc|x64.ActiveCfg = Release|Any CPU
		{5F15837D-D1E5-44DC-92F0-4F2EBE9C3F8D}.Ad-Hoc|x64.Build.0 = Release|Any CPU
		{5F15837D-D1E5-44DC-92F0-4F2EBE9C3F8D}.Ad-Hoc|x86.ActiveCfg = Release|Any CPU
		{5F15837D-D1E5-44DC-92F0-4F2EBE9C3F8D}.Ad-Hoc|x86.Build.0 = Release|Any CPU
		{5F15837D-D1E5-44DC-92F0-4F2EBE9C3F8D}.AppStore|Any CPU.ActiveCfg = Release|Any CPU
		{5F15837D-D1E5-44DC-92F0-4F2EBE9C3F8D}.AppStore|Any CPU.Build.0 = Release|Any CPU
		{5F15837D-D1E5-44DC-92F0-4F2EBE9C3F8D}.AppStore|ARM.ActiveCfg = Release|Any CPU
		{5F15837D-D1E5-44DC-92F0-4F2EBE9C3F8D}.AppStore|ARM.Build.0 = Release|Any CPU
		{5F15837D-D1E5-44DC-92F0-4F2EBE9C3F8D}.AppStore|iPhone.ActiveCfg = Release|Any CPU
		{5F15837D-D1E5-44DC-92F0-4F2EBE9C3F8D}.AppStore|iPhone.Build.0 = Release|Any CPU
		{5F15837D-D1E5-44DC-92F0-4F2EBE9C3F8D}.AppStore|iPhoneSimulator.ActiveCfg = Release|Any CPU
		{5F15837D-D1E5-44DC-92F0-4F2EBE9C3F8D}.AppStore|iPhoneSimulator.Build.0 = Release|Any CPU
		{5F15837D-D1E5-44DC-92F0-4F2EBE9C3F8D}.AppStore|x64.ActiveCfg = Release|Any CPU
		{5F15837D-D1E5-44DC-92F0-4F2EBE9C3F8D}.AppStore|x64.Build.0 = Release|Any CPU
		{5F15837D-D1E5-44DC-92F0-4F2EBE9C3F8D}.AppStore|x86.ActiveCfg = Release|Any CPU
		{5F15837D-D1E5-44DC-92F0-4F2EBE9C3F8D}.AppStore|x86.Build.0 = Release|Any CPU
		{5F15837D-D1E5-44DC-92F0-4F2EBE9C3F8D}.Debug|Any CPU.ActiveCfg = Debug|Any CPU
		{5F15837D-D1E5-44DC-92F0-4F2EBE9C3F8D}.Debug|Any CPU.Build.0 = Debug|Any CPU
		{5F15837D-D1E5-44DC-92F0-4F2EBE9C3F8D}.Debug|ARM.ActiveCfg = Debug|Any CPU
		{5F15837D-D1E5-44DC-92F0-4F2EBE9C3F8D}.Debug|ARM.Build.0 = Debug|Any CPU
		{5F15837D-D1E5-44DC-92F0-4F2EBE9C3F8D}.Debug|iPhone.ActiveCfg = Debug|Any CPU
		{5F15837D-D1E5-44DC-92F0-4F2EBE9C3F8D}.Debug|iPhone.Build.0 = Debug|Any CPU
		{5F15837D-D1E5-44DC-92F0-4F2EBE9C3F8D}.Debug|iPhoneSimulator.ActiveCfg = Debug|Any CPU
		{5F15837D-D1E5-44DC-92F0-4F2EBE9C3F8D}.Debug|iPhoneSimulator.Build.0 = Debug|Any CPU
		{5F15837D-D1E5-44DC-92F0-4F2EBE9C3F8D}.Debug|x64.ActiveCfg = Debug|Any CPU
		{5F15837D-D1E5-44DC-92F0-4F2EBE9C3F8D}.Debug|x64.Build.0 = Debug|Any CPU
		{5F15837D-D1E5-44DC-92F0-4F2EBE9C3F8D}.Debug|x86.ActiveCfg = Debug|Any CPU
		{5F15837D-D1E5-44DC-92F0-4F2EBE9C3F8D}.Debug|x86.Build.0 = Debug|Any CPU
		{5F15837D-D1E5-44DC-92F0-4F2EBE9C3F8D}.EasyTest|Any CPU.ActiveCfg = EasyTest|Any CPU
		{5F15837D-D1E5-44DC-92F0-4F2EBE9C3F8D}.EasyTest|Any CPU.Build.0 = EasyTest|Any CPU
		{5F15837D-D1E5-44DC-92F0-4F2EBE9C3F8D}.EasyTest|ARM.ActiveCfg = EasyTest|Any CPU
		{5F15837D-D1E5-44DC-92F0-4F2EBE9C3F8D}.EasyTest|ARM.Build.0 = EasyTest|Any CPU
		{5F15837D-D1E5-44DC-92F0-4F2EBE9C3F8D}.EasyTest|iPhone.ActiveCfg = EasyTest|Any CPU
		{5F15837D-D1E5-44DC-92F0-4F2EBE9C3F8D}.EasyTest|iPhone.Build.0 = EasyTest|Any CPU
		{5F15837D-D1E5-44DC-92F0-4F2EBE9C3F8D}.EasyTest|iPhoneSimulator.ActiveCfg = EasyTest|Any CPU
		{5F15837D-D1E5-44DC-92F0-4F2EBE9C3F8D}.EasyTest|iPhoneSimulator.Build.0 = EasyTest|Any CPU
		{5F15837D-D1E5-44DC-92F0-4F2EBE9C3F8D}.EasyTest|x64.ActiveCfg = EasyTest|Any CPU
		{5F15837D-D1E5-44DC-92F0-4F2EBE9C3F8D}.EasyTest|x64.Build.0 = EasyTest|Any CPU
		{5F15837D-D1E5-44DC-92F0-4F2EBE9C3F8D}.EasyTest|x86.ActiveCfg = EasyTest|Any CPU
		{5F15837D-D1E5-44DC-92F0-4F2EBE9C3F8D}.EasyTest|x86.Build.0 = EasyTest|Any CPU
		{5F15837D-D1E5-44DC-92F0-4F2EBE9C3F8D}.Release|Any CPU.ActiveCfg = Release|Any CPU
		{5F15837D-D1E5-44DC-92F0-4F2EBE9C3F8D}.Release|Any CPU.Build.0 = Release|Any CPU
		{5F15837D-D1E5-44DC-92F0-4F2EBE9C3F8D}.Release|ARM.ActiveCfg = Release|Any CPU
		{5F15837D-D1E5-44DC-92F0-4F2EBE9C3F8D}.Release|ARM.Build.0 = Release|Any CPU
		{5F15837D-D1E5-44DC-92F0-4F2EBE9C3F8D}.Release|iPhone.ActiveCfg = Release|Any CPU
		{5F15837D-D1E5-44DC-92F0-4F2EBE9C3F8D}.Release|iPhone.Build.0 = Release|Any CPU
		{5F15837D-D1E5-44DC-92F0-4F2EBE9C3F8D}.Release|iPhoneSimulator.ActiveCfg = Release|Any CPU
		{5F15837D-D1E5-44DC-92F0-4F2EBE9C3F8D}.Release|iPhoneSimulator.Build.0 = Release|Any CPU
		{5F15837D-D1E5-44DC-92F0-4F2EBE9C3F8D}.Release|x64.ActiveCfg = Release|Any CPU
		{5F15837D-D1E5-44DC-92F0-4F2EBE9C3F8D}.Release|x64.Build.0 = Release|Any CPU
		{5F15837D-D1E5-44DC-92F0-4F2EBE9C3F8D}.Release|x86.ActiveCfg = Release|Any CPU
		{5F15837D-D1E5-44DC-92F0-4F2EBE9C3F8D}.Release|x86.Build.0 = Release|Any CPU
		{0C729AAD-7626-4668-A7F1-35F7D240489D}.Ad-Hoc|Any CPU.ActiveCfg = Release|Any CPU
		{0C729AAD-7626-4668-A7F1-35F7D240489D}.Ad-Hoc|Any CPU.Build.0 = Release|Any CPU
		{0C729AAD-7626-4668-A7F1-35F7D240489D}.Ad-Hoc|ARM.ActiveCfg = Release|Any CPU
		{0C729AAD-7626-4668-A7F1-35F7D240489D}.Ad-Hoc|ARM.Build.0 = Release|Any CPU
		{0C729AAD-7626-4668-A7F1-35F7D240489D}.Ad-Hoc|iPhone.ActiveCfg = Release|Any CPU
		{0C729AAD-7626-4668-A7F1-35F7D240489D}.Ad-Hoc|iPhone.Build.0 = Release|Any CPU
		{0C729AAD-7626-4668-A7F1-35F7D240489D}.Ad-Hoc|iPhoneSimulator.ActiveCfg = Release|Any CPU
		{0C729AAD-7626-4668-A7F1-35F7D240489D}.Ad-Hoc|iPhoneSimulator.Build.0 = Release|Any CPU
		{0C729AAD-7626-4668-A7F1-35F7D240489D}.Ad-Hoc|x64.ActiveCfg = Release|Any CPU
		{0C729AAD-7626-4668-A7F1-35F7D240489D}.Ad-Hoc|x64.Build.0 = Release|Any CPU
		{0C729AAD-7626-4668-A7F1-35F7D240489D}.Ad-Hoc|x86.ActiveCfg = Release|Any CPU
		{0C729AAD-7626-4668-A7F1-35F7D240489D}.Ad-Hoc|x86.Build.0 = Release|Any CPU
		{0C729AAD-7626-4668-A7F1-35F7D240489D}.AppStore|Any CPU.ActiveCfg = Release|Any CPU
		{0C729AAD-7626-4668-A7F1-35F7D240489D}.AppStore|Any CPU.Build.0 = Release|Any CPU
		{0C729AAD-7626-4668-A7F1-35F7D240489D}.AppStore|ARM.ActiveCfg = Release|Any CPU
		{0C729AAD-7626-4668-A7F1-35F7D240489D}.AppStore|ARM.Build.0 = Release|Any CPU
		{0C729AAD-7626-4668-A7F1-35F7D240489D}.AppStore|iPhone.ActiveCfg = Release|Any CPU
		{0C729AAD-7626-4668-A7F1-35F7D240489D}.AppStore|iPhone.Build.0 = Release|Any CPU
		{0C729AAD-7626-4668-A7F1-35F7D240489D}.AppStore|iPhoneSimulator.ActiveCfg = Release|Any CPU
		{0C729AAD-7626-4668-A7F1-35F7D240489D}.AppStore|iPhoneSimulator.Build.0 = Release|Any CPU
		{0C729AAD-7626-4668-A7F1-35F7D240489D}.AppStore|x64.ActiveCfg = Release|Any CPU
		{0C729AAD-7626-4668-A7F1-35F7D240489D}.AppStore|x64.Build.0 = Release|Any CPU
		{0C729AAD-7626-4668-A7F1-35F7D240489D}.AppStore|x86.ActiveCfg = Release|Any CPU
		{0C729AAD-7626-4668-A7F1-35F7D240489D}.AppStore|x86.Build.0 = Release|Any CPU
		{0C729AAD-7626-4668-A7F1-35F7D240489D}.Debug|Any CPU.ActiveCfg = Debug|Any CPU
		{0C729AAD-7626-4668-A7F1-35F7D240489D}.Debug|Any CPU.Build.0 = Debug|Any CPU
		{0C729AAD-7626-4668-A7F1-35F7D240489D}.Debug|ARM.ActiveCfg = Debug|Any CPU
		{0C729AAD-7626-4668-A7F1-35F7D240489D}.Debug|ARM.Build.0 = Debug|Any CPU
		{0C729AAD-7626-4668-A7F1-35F7D240489D}.Debug|iPhone.ActiveCfg = Debug|Any CPU
		{0C729AAD-7626-4668-A7F1-35F7D240489D}.Debug|iPhone.Build.0 = Debug|Any CPU
		{0C729AAD-7626-4668-A7F1-35F7D240489D}.Debug|iPhoneSimulator.ActiveCfg = Debug|Any CPU
		{0C729AAD-7626-4668-A7F1-35F7D240489D}.Debug|iPhoneSimulator.Build.0 = Debug|Any CPU
		{0C729AAD-7626-4668-A7F1-35F7D240489D}.Debug|x64.ActiveCfg = Debug|Any CPU
		{0C729AAD-7626-4668-A7F1-35F7D240489D}.Debug|x64.Build.0 = Debug|Any CPU
		{0C729AAD-7626-4668-A7F1-35F7D240489D}.Debug|x86.ActiveCfg = Debug|Any CPU
		{0C729AAD-7626-4668-A7F1-35F7D240489D}.Debug|x86.Build.0 = Debug|Any CPU
		{0C729AAD-7626-4668-A7F1-35F7D240489D}.EasyTest|Any CPU.ActiveCfg = EasyTest|Any CPU
		{0C729AAD-7626-4668-A7F1-35F7D240489D}.EasyTest|Any CPU.Build.0 = EasyTest|Any CPU
		{0C729AAD-7626-4668-A7F1-35F7D240489D}.EasyTest|ARM.ActiveCfg = EasyTest|Any CPU
		{0C729AAD-7626-4668-A7F1-35F7D240489D}.EasyTest|ARM.Build.0 = EasyTest|Any CPU
		{0C729AAD-7626-4668-A7F1-35F7D240489D}.EasyTest|iPhone.ActiveCfg = EasyTest|Any CPU
		{0C729AAD-7626-4668-A7F1-35F7D240489D}.EasyTest|iPhone.Build.0 = EasyTest|Any CPU
		{0C729AAD-7626-4668-A7F1-35F7D240489D}.EasyTest|iPhoneSimulator.ActiveCfg = EasyTest|Any CPU
		{0C729AAD-7626-4668-A7F1-35F7D240489D}.EasyTest|iPhoneSimulator.Build.0 = EasyTest|Any CPU
		{0C729AAD-7626-4668-A7F1-35F7D240489D}.EasyTest|x64.ActiveCfg = EasyTest|Any CPU
		{0C729AAD-7626-4668-A7F1-35F7D240489D}.EasyTest|x64.Build.0 = EasyTest|Any CPU
		{0C729AAD-7626-4668-A7F1-35F7D240489D}.EasyTest|x86.ActiveCfg = EasyTest|Any CPU
		{0C729AAD-7626-4668-A7F1-35F7D240489D}.EasyTest|x86.Build.0 = EasyTest|Any CPU
		{0C729AAD-7626-4668-A7F1-35F7D240489D}.Release|Any CPU.ActiveCfg = Release|Any CPU
		{0C729AAD-7626-4668-A7F1-35F7D240489D}.Release|Any CPU.Build.0 = Release|Any CPU
		{0C729AAD-7626-4668-A7F1-35F7D240489D}.Release|ARM.ActiveCfg = Release|Any CPU
		{0C729AAD-7626-4668-A7F1-35F7D240489D}.Release|ARM.Build.0 = Release|Any CPU
		{0C729AAD-7626-4668-A7F1-35F7D240489D}.Release|iPhone.ActiveCfg = Release|Any CPU
		{0C729AAD-7626-4668-A7F1-35F7D240489D}.Release|iPhone.Build.0 = Release|Any CPU
		{0C729AAD-7626-4668-A7F1-35F7D240489D}.Release|iPhoneSimulator.ActiveCfg = Release|Any CPU
		{0C729AAD-7626-4668-A7F1-35F7D240489D}.Release|iPhoneSimulator.Build.0 = Release|Any CPU
		{0C729AAD-7626-4668-A7F1-35F7D240489D}.Release|x64.ActiveCfg = Release|Any CPU
		{0C729AAD-7626-4668-A7F1-35F7D240489D}.Release|x64.Build.0 = Release|Any CPU
		{0C729AAD-7626-4668-A7F1-35F7D240489D}.Release|x86.ActiveCfg = Release|Any CPU
		{0C729AAD-7626-4668-A7F1-35F7D240489D}.Release|x86.Build.0 = Release|Any CPU
		{82A6DBC9-B1B4-44E4-9718-55DF930CD349}.Ad-Hoc|Any CPU.ActiveCfg = Release|Any CPU
		{82A6DBC9-B1B4-44E4-9718-55DF930CD349}.Ad-Hoc|Any CPU.Build.0 = Release|Any CPU
		{82A6DBC9-B1B4-44E4-9718-55DF930CD349}.Ad-Hoc|ARM.ActiveCfg = Release|Any CPU
		{82A6DBC9-B1B4-44E4-9718-55DF930CD349}.Ad-Hoc|ARM.Build.0 = Release|Any CPU
		{82A6DBC9-B1B4-44E4-9718-55DF930CD349}.Ad-Hoc|iPhone.ActiveCfg = Release|Any CPU
		{82A6DBC9-B1B4-44E4-9718-55DF930CD349}.Ad-Hoc|iPhone.Build.0 = Release|Any CPU
		{82A6DBC9-B1B4-44E4-9718-55DF930CD349}.Ad-Hoc|iPhoneSimulator.ActiveCfg = Release|Any CPU
		{82A6DBC9-B1B4-44E4-9718-55DF930CD349}.Ad-Hoc|iPhoneSimulator.Build.0 = Release|Any CPU
		{82A6DBC9-B1B4-44E4-9718-55DF930CD349}.Ad-Hoc|x64.ActiveCfg = Release|Any CPU
		{82A6DBC9-B1B4-44E4-9718-55DF930CD349}.Ad-Hoc|x64.Build.0 = Release|Any CPU
		{82A6DBC9-B1B4-44E4-9718-55DF930CD349}.Ad-Hoc|x86.ActiveCfg = Release|Any CPU
		{82A6DBC9-B1B4-44E4-9718-55DF930CD349}.Ad-Hoc|x86.Build.0 = Release|Any CPU
		{82A6DBC9-B1B4-44E4-9718-55DF930CD349}.AppStore|Any CPU.ActiveCfg = Release|Any CPU
		{82A6DBC9-B1B4-44E4-9718-55DF930CD349}.AppStore|Any CPU.Build.0 = Release|Any CPU
		{82A6DBC9-B1B4-44E4-9718-55DF930CD349}.AppStore|ARM.ActiveCfg = Release|Any CPU
		{82A6DBC9-B1B4-44E4-9718-55DF930CD349}.AppStore|ARM.Build.0 = Release|Any CPU
		{82A6DBC9-B1B4-44E4-9718-55DF930CD349}.AppStore|iPhone.ActiveCfg = Release|Any CPU
		{82A6DBC9-B1B4-44E4-9718-55DF930CD349}.AppStore|iPhone.Build.0 = Release|Any CPU
		{82A6DBC9-B1B4-44E4-9718-55DF930CD349}.AppStore|iPhoneSimulator.ActiveCfg = Release|Any CPU
		{82A6DBC9-B1B4-44E4-9718-55DF930CD349}.AppStore|iPhoneSimulator.Build.0 = Release|Any CPU
		{82A6DBC9-B1B4-44E4-9718-55DF930CD349}.AppStore|x64.ActiveCfg = Release|Any CPU
		{82A6DBC9-B1B4-44E4-9718-55DF930CD349}.AppStore|x64.Build.0 = Release|Any CPU
		{82A6DBC9-B1B4-44E4-9718-55DF930CD349}.AppStore|x86.ActiveCfg = Release|Any CPU
		{82A6DBC9-B1B4-44E4-9718-55DF930CD349}.AppStore|x86.Build.0 = Release|Any CPU
		{82A6DBC9-B1B4-44E4-9718-55DF930CD349}.Debug|Any CPU.ActiveCfg = Debug|Any CPU
		{82A6DBC9-B1B4-44E4-9718-55DF930CD349}.Debug|Any CPU.Build.0 = Debug|Any CPU
		{82A6DBC9-B1B4-44E4-9718-55DF930CD349}.Debug|ARM.ActiveCfg = Debug|Any CPU
		{82A6DBC9-B1B4-44E4-9718-55DF930CD349}.Debug|ARM.Build.0 = Debug|Any CPU
		{82A6DBC9-B1B4-44E4-9718-55DF930CD349}.Debug|iPhone.ActiveCfg = Debug|Any CPU
		{82A6DBC9-B1B4-44E4-9718-55DF930CD349}.Debug|iPhone.Build.0 = Debug|Any CPU
		{82A6DBC9-B1B4-44E4-9718-55DF930CD349}.Debug|iPhoneSimulator.ActiveCfg = Debug|Any CPU
		{82A6DBC9-B1B4-44E4-9718-55DF930CD349}.Debug|iPhoneSimulator.Build.0 = Debug|Any CPU
		{82A6DBC9-B1B4-44E4-9718-55DF930CD349}.Debug|x64.ActiveCfg = Debug|Any CPU
		{82A6DBC9-B1B4-44E4-9718-55DF930CD349}.Debug|x64.Build.0 = Debug|Any CPU
		{82A6DBC9-B1B4-44E4-9718-55DF930CD349}.Debug|x86.ActiveCfg = Debug|Any CPU
		{82A6DBC9-B1B4-44E4-9718-55DF930CD349}.Debug|x86.Build.0 = Debug|Any CPU
		{82A6DBC9-B1B4-44E4-9718-55DF930CD349}.EasyTest|Any CPU.ActiveCfg = EasyTest|Any CPU
		{82A6DBC9-B1B4-44E4-9718-55DF930CD349}.EasyTest|Any CPU.Build.0 = EasyTest|Any CPU
		{82A6DBC9-B1B4-44E4-9718-55DF930CD349}.EasyTest|ARM.ActiveCfg = EasyTest|Any CPU
		{82A6DBC9-B1B4-44E4-9718-55DF930CD349}.EasyTest|ARM.Build.0 = EasyTest|Any CPU
		{82A6DBC9-B1B4-44E4-9718-55DF930CD349}.EasyTest|iPhone.ActiveCfg = EasyTest|Any CPU
		{82A6DBC9-B1B4-44E4-9718-55DF930CD349}.EasyTest|iPhone.Build.0 = EasyTest|Any CPU
		{82A6DBC9-B1B4-44E4-9718-55DF930CD349}.EasyTest|iPhoneSimulator.ActiveCfg = EasyTest|Any CPU
		{82A6DBC9-B1B4-44E4-9718-55DF930CD349}.EasyTest|iPhoneSimulator.Build.0 = EasyTest|Any CPU
		{82A6DBC9-B1B4-44E4-9718-55DF930CD349}.EasyTest|x64.ActiveCfg = EasyTest|Any CPU
		{82A6DBC9-B1B4-44E4-9718-55DF930CD349}.EasyTest|x64.Build.0 = EasyTest|Any CPU
		{82A6DBC9-B1B4-44E4-9718-55DF930CD349}.EasyTest|x86.ActiveCfg = EasyTest|Any CPU
		{82A6DBC9-B1B4-44E4-9718-55DF930CD349}.EasyTest|x86.Build.0 = EasyTest|Any CPU
		{82A6DBC9-B1B4-44E4-9718-55DF930CD349}.Release|Any CPU.ActiveCfg = Release|Any CPU
		{82A6DBC9-B1B4-44E4-9718-55DF930CD349}.Release|Any CPU.Build.0 = Release|Any CPU
		{82A6DBC9-B1B4-44E4-9718-55DF930CD349}.Release|ARM.ActiveCfg = Release|Any CPU
		{82A6DBC9-B1B4-44E4-9718-55DF930CD349}.Release|ARM.Build.0 = Release|Any CPU
		{82A6DBC9-B1B4-44E4-9718-55DF930CD349}.Release|iPhone.ActiveCfg = Release|Any CPU
		{82A6DBC9-B1B4-44E4-9718-55DF930CD349}.Release|iPhone.Build.0 = Release|Any CPU
		{82A6DBC9-B1B4-44E4-9718-55DF930CD349}.Release|iPhoneSimulator.ActiveCfg = Release|Any CPU
		{82A6DBC9-B1B4-44E4-9718-55DF930CD349}.Release|iPhoneSimulator.Build.0 = Release|Any CPU
		{82A6DBC9-B1B4-44E4-9718-55DF930CD349}.Release|x64.ActiveCfg = Release|Any CPU
		{82A6DBC9-B1B4-44E4-9718-55DF930CD349}.Release|x64.Build.0 = Release|Any CPU
		{82A6DBC9-B1B4-44E4-9718-55DF930CD349}.Release|x86.ActiveCfg = Release|Any CPU
		{82A6DBC9-B1B4-44E4-9718-55DF930CD349}.Release|x86.Build.0 = Release|Any CPU
		{7964F87D-BC5D-4C4E-8B2F-71E89739AA97}.Ad-Hoc|Any CPU.ActiveCfg = Release|Any CPU
		{7964F87D-BC5D-4C4E-8B2F-71E89739AA97}.Ad-Hoc|Any CPU.Build.0 = Release|Any CPU
		{7964F87D-BC5D-4C4E-8B2F-71E89739AA97}.Ad-Hoc|ARM.ActiveCfg = Release|Any CPU
		{7964F87D-BC5D-4C4E-8B2F-71E89739AA97}.Ad-Hoc|ARM.Build.0 = Release|Any CPU
		{7964F87D-BC5D-4C4E-8B2F-71E89739AA97}.Ad-Hoc|iPhone.ActiveCfg = Release|Any CPU
		{7964F87D-BC5D-4C4E-8B2F-71E89739AA97}.Ad-Hoc|iPhone.Build.0 = Release|Any CPU
		{7964F87D-BC5D-4C4E-8B2F-71E89739AA97}.Ad-Hoc|iPhoneSimulator.ActiveCfg = Release|Any CPU
		{7964F87D-BC5D-4C4E-8B2F-71E89739AA97}.Ad-Hoc|iPhoneSimulator.Build.0 = Release|Any CPU
		{7964F87D-BC5D-4C4E-8B2F-71E89739AA97}.Ad-Hoc|x64.ActiveCfg = Release|Any CPU
		{7964F87D-BC5D-4C4E-8B2F-71E89739AA97}.Ad-Hoc|x64.Build.0 = Release|Any CPU
		{7964F87D-BC5D-4C4E-8B2F-71E89739AA97}.Ad-Hoc|x86.ActiveCfg = Release|Any CPU
		{7964F87D-BC5D-4C4E-8B2F-71E89739AA97}.Ad-Hoc|x86.Build.0 = Release|Any CPU
		{7964F87D-BC5D-4C4E-8B2F-71E89739AA97}.AppStore|Any CPU.ActiveCfg = Release|Any CPU
		{7964F87D-BC5D-4C4E-8B2F-71E89739AA97}.AppStore|Any CPU.Build.0 = Release|Any CPU
		{7964F87D-BC5D-4C4E-8B2F-71E89739AA97}.AppStore|ARM.ActiveCfg = Release|Any CPU
		{7964F87D-BC5D-4C4E-8B2F-71E89739AA97}.AppStore|ARM.Build.0 = Release|Any CPU
		{7964F87D-BC5D-4C4E-8B2F-71E89739AA97}.AppStore|iPhone.ActiveCfg = Release|Any CPU
		{7964F87D-BC5D-4C4E-8B2F-71E89739AA97}.AppStore|iPhone.Build.0 = Release|Any CPU
		{7964F87D-BC5D-4C4E-8B2F-71E89739AA97}.AppStore|iPhoneSimulator.ActiveCfg = Release|Any CPU
		{7964F87D-BC5D-4C4E-8B2F-71E89739AA97}.AppStore|iPhoneSimulator.Build.0 = Release|Any CPU
		{7964F87D-BC5D-4C4E-8B2F-71E89739AA97}.AppStore|x64.ActiveCfg = Release|Any CPU
		{7964F87D-BC5D-4C4E-8B2F-71E89739AA97}.AppStore|x64.Build.0 = Release|Any CPU
		{7964F87D-BC5D-4C4E-8B2F-71E89739AA97}.AppStore|x86.ActiveCfg = Release|Any CPU
		{7964F87D-BC5D-4C4E-8B2F-71E89739AA97}.AppStore|x86.Build.0 = Release|Any CPU
		{7964F87D-BC5D-4C4E-8B2F-71E89739AA97}.Debug|Any CPU.ActiveCfg = Debug|Any CPU
		{7964F87D-BC5D-4C4E-8B2F-71E89739AA97}.Debug|Any CPU.Build.0 = Debug|Any CPU
		{7964F87D-BC5D-4C4E-8B2F-71E89739AA97}.Debug|ARM.ActiveCfg = Debug|Any CPU
		{7964F87D-BC5D-4C4E-8B2F-71E89739AA97}.Debug|ARM.Build.0 = Debug|Any CPU
		{7964F87D-BC5D-4C4E-8B2F-71E89739AA97}.Debug|iPhone.ActiveCfg = Debug|Any CPU
		{7964F87D-BC5D-4C4E-8B2F-71E89739AA97}.Debug|iPhone.Build.0 = Debug|Any CPU
		{7964F87D-BC5D-4C4E-8B2F-71E89739AA97}.Debug|iPhoneSimulator.ActiveCfg = Debug|Any CPU
		{7964F87D-BC5D-4C4E-8B2F-71E89739AA97}.Debug|iPhoneSimulator.Build.0 = Debug|Any CPU
		{7964F87D-BC5D-4C4E-8B2F-71E89739AA97}.Debug|x64.ActiveCfg = Debug|Any CPU
		{7964F87D-BC5D-4C4E-8B2F-71E89739AA97}.Debug|x64.Build.0 = Debug|Any CPU
		{7964F87D-BC5D-4C4E-8B2F-71E89739AA97}.Debug|x86.ActiveCfg = Debug|Any CPU
		{7964F87D-BC5D-4C4E-8B2F-71E89739AA97}.Debug|x86.Build.0 = Debug|Any CPU
		{7964F87D-BC5D-4C4E-8B2F-71E89739AA97}.EasyTest|Any CPU.ActiveCfg = EasyTest|Any CPU
		{7964F87D-BC5D-4C4E-8B2F-71E89739AA97}.EasyTest|Any CPU.Build.0 = EasyTest|Any CPU
		{7964F87D-BC5D-4C4E-8B2F-71E89739AA97}.EasyTest|ARM.ActiveCfg = EasyTest|Any CPU
		{7964F87D-BC5D-4C4E-8B2F-71E89739AA97}.EasyTest|ARM.Build.0 = EasyTest|Any CPU
		{7964F87D-BC5D-4C4E-8B2F-71E89739AA97}.EasyTest|iPhone.ActiveCfg = EasyTest|Any CPU
		{7964F87D-BC5D-4C4E-8B2F-71E89739AA97}.EasyTest|iPhone.Build.0 = EasyTest|Any CPU
		{7964F87D-BC5D-4C4E-8B2F-71E89739AA97}.EasyTest|iPhoneSimulator.ActiveCfg = EasyTest|Any CPU
		{7964F87D-BC5D-4C4E-8B2F-71E89739AA97}.EasyTest|iPhoneSimulator.Build.0 = EasyTest|Any CPU
		{7964F87D-BC5D-4C4E-8B2F-71E89739AA97}.EasyTest|x64.ActiveCfg = EasyTest|Any CPU
		{7964F87D-BC5D-4C4E-8B2F-71E89739AA97}.EasyTest|x64.Build.0 = EasyTest|Any CPU
		{7964F87D-BC5D-4C4E-8B2F-71E89739AA97}.EasyTest|x86.ActiveCfg = EasyTest|Any CPU
		{7964F87D-BC5D-4C4E-8B2F-71E89739AA97}.EasyTest|x86.Build.0 = EasyTest|Any CPU
		{7964F87D-BC5D-4C4E-8B2F-71E89739AA97}.Release|Any CPU.ActiveCfg = Release|Any CPU
		{7964F87D-BC5D-4C4E-8B2F-71E89739AA97}.Release|Any CPU.Build.0 = Release|Any CPU
		{7964F87D-BC5D-4C4E-8B2F-71E89739AA97}.Release|ARM.ActiveCfg = Release|Any CPU
		{7964F87D-BC5D-4C4E-8B2F-71E89739AA97}.Release|ARM.Build.0 = Release|Any CPU
		{7964F87D-BC5D-4C4E-8B2F-71E89739AA97}.Release|iPhone.ActiveCfg = Release|Any CPU
		{7964F87D-BC5D-4C4E-8B2F-71E89739AA97}.Release|iPhone.Build.0 = Release|Any CPU
		{7964F87D-BC5D-4C4E-8B2F-71E89739AA97}.Release|iPhoneSimulator.ActiveCfg = Release|Any CPU
		{7964F87D-BC5D-4C4E-8B2F-71E89739AA97}.Release|iPhoneSimulator.Build.0 = Release|Any CPU
		{7964F87D-BC5D-4C4E-8B2F-71E89739AA97}.Release|x64.ActiveCfg = Release|Any CPU
		{7964F87D-BC5D-4C4E-8B2F-71E89739AA97}.Release|x64.Build.0 = Release|Any CPU
		{7964F87D-BC5D-4C4E-8B2F-71E89739AA97}.Release|x86.ActiveCfg = Release|Any CPU
		{7964F87D-BC5D-4C4E-8B2F-71E89739AA97}.Release|x86.Build.0 = Release|Any CPU
		{D05D93DF-312D-4D4E-B980-726871EC7833}.Ad-Hoc|Any CPU.ActiveCfg = Release|Any CPU
		{D05D93DF-312D-4D4E-B980-726871EC7833}.Ad-Hoc|Any CPU.Build.0 = Release|Any CPU
		{D05D93DF-312D-4D4E-B980-726871EC7833}.Ad-Hoc|ARM.ActiveCfg = Release|Any CPU
		{D05D93DF-312D-4D4E-B980-726871EC7833}.Ad-Hoc|ARM.Build.0 = Release|Any CPU
		{D05D93DF-312D-4D4E-B980-726871EC7833}.Ad-Hoc|iPhone.ActiveCfg = Release|Any CPU
		{D05D93DF-312D-4D4E-B980-726871EC7833}.Ad-Hoc|iPhone.Build.0 = Release|Any CPU
		{D05D93DF-312D-4D4E-B980-726871EC7833}.Ad-Hoc|iPhoneSimulator.ActiveCfg = Release|Any CPU
		{D05D93DF-312D-4D4E-B980-726871EC7833}.Ad-Hoc|iPhoneSimulator.Build.0 = Release|Any CPU
		{D05D93DF-312D-4D4E-B980-726871EC7833}.Ad-Hoc|x64.ActiveCfg = Release|Any CPU
		{D05D93DF-312D-4D4E-B980-726871EC7833}.Ad-Hoc|x64.Build.0 = Release|Any CPU
		{D05D93DF-312D-4D4E-B980-726871EC7833}.Ad-Hoc|x86.ActiveCfg = Release|Any CPU
		{D05D93DF-312D-4D4E-B980-726871EC7833}.Ad-Hoc|x86.Build.0 = Release|Any CPU
		{D05D93DF-312D-4D4E-B980-726871EC7833}.AppStore|Any CPU.ActiveCfg = Release|Any CPU
		{D05D93DF-312D-4D4E-B980-726871EC7833}.AppStore|Any CPU.Build.0 = Release|Any CPU
		{D05D93DF-312D-4D4E-B980-726871EC7833}.AppStore|ARM.ActiveCfg = Release|Any CPU
		{D05D93DF-312D-4D4E-B980-726871EC7833}.AppStore|ARM.Build.0 = Release|Any CPU
		{D05D93DF-312D-4D4E-B980-726871EC7833}.AppStore|iPhone.ActiveCfg = Release|Any CPU
		{D05D93DF-312D-4D4E-B980-726871EC7833}.AppStore|iPhone.Build.0 = Release|Any CPU
		{D05D93DF-312D-4D4E-B980-726871EC7833}.AppStore|iPhoneSimulator.ActiveCfg = Release|Any CPU
		{D05D93DF-312D-4D4E-B980-726871EC7833}.AppStore|iPhoneSimulator.Build.0 = Release|Any CPU
		{D05D93DF-312D-4D4E-B980-726871EC7833}.AppStore|x64.ActiveCfg = Release|Any CPU
		{D05D93DF-312D-4D4E-B980-726871EC7833}.AppStore|x64.Build.0 = Release|Any CPU
		{D05D93DF-312D-4D4E-B980-726871EC7833}.AppStore|x86.ActiveCfg = Release|Any CPU
		{D05D93DF-312D-4D4E-B980-726871EC7833}.AppStore|x86.Build.0 = Release|Any CPU
		{D05D93DF-312D-4D4E-B980-726871EC7833}.Debug|Any CPU.ActiveCfg = Debug|Any CPU
		{D05D93DF-312D-4D4E-B980-726871EC7833}.Debug|Any CPU.Build.0 = Debug|Any CPU
		{D05D93DF-312D-4D4E-B980-726871EC7833}.Debug|ARM.ActiveCfg = Debug|Any CPU
		{D05D93DF-312D-4D4E-B980-726871EC7833}.Debug|ARM.Build.0 = Debug|Any CPU
		{D05D93DF-312D-4D4E-B980-726871EC7833}.Debug|iPhone.ActiveCfg = Debug|Any CPU
		{D05D93DF-312D-4D4E-B980-726871EC7833}.Debug|iPhone.Build.0 = Debug|Any CPU
		{D05D93DF-312D-4D4E-B980-726871EC7833}.Debug|iPhoneSimulator.ActiveCfg = Debug|Any CPU
		{D05D93DF-312D-4D4E-B980-726871EC7833}.Debug|iPhoneSimulator.Build.0 = Debug|Any CPU
		{D05D93DF-312D-4D4E-B980-726871EC7833}.Debug|x64.ActiveCfg = Debug|Any CPU
		{D05D93DF-312D-4D4E-B980-726871EC7833}.Debug|x64.Build.0 = Debug|Any CPU
		{D05D93DF-312D-4D4E-B980-726871EC7833}.Debug|x86.ActiveCfg = Debug|Any CPU
		{D05D93DF-312D-4D4E-B980-726871EC7833}.Debug|x86.Build.0 = Debug|Any CPU
		{D05D93DF-312D-4D4E-B980-726871EC7833}.EasyTest|Any CPU.ActiveCfg = EasyTest|Any CPU
		{D05D93DF-312D-4D4E-B980-726871EC7833}.EasyTest|Any CPU.Build.0 = EasyTest|Any CPU
		{D05D93DF-312D-4D4E-B980-726871EC7833}.EasyTest|ARM.ActiveCfg = EasyTest|Any CPU
		{D05D93DF-312D-4D4E-B980-726871EC7833}.EasyTest|ARM.Build.0 = EasyTest|Any CPU
		{D05D93DF-312D-4D4E-B980-726871EC7833}.EasyTest|iPhone.ActiveCfg = EasyTest|Any CPU
		{D05D93DF-312D-4D4E-B980-726871EC7833}.EasyTest|iPhone.Build.0 = EasyTest|Any CPU
		{D05D93DF-312D-4D4E-B980-726871EC7833}.EasyTest|iPhoneSimulator.ActiveCfg = EasyTest|Any CPU
		{D05D93DF-312D-4D4E-B980-726871EC7833}.EasyTest|iPhoneSimulator.Build.0 = EasyTest|Any CPU
		{D05D93DF-312D-4D4E-B980-726871EC7833}.EasyTest|x64.ActiveCfg = EasyTest|Any CPU
		{D05D93DF-312D-4D4E-B980-726871EC7833}.EasyTest|x64.Build.0 = EasyTest|Any CPU
		{D05D93DF-312D-4D4E-B980-726871EC7833}.EasyTest|x86.ActiveCfg = EasyTest|Any CPU
		{D05D93DF-312D-4D4E-B980-726871EC7833}.EasyTest|x86.Build.0 = EasyTest|Any CPU
		{D05D93DF-312D-4D4E-B980-726871EC7833}.Release|Any CPU.ActiveCfg = Release|Any CPU
		{D05D93DF-312D-4D4E-B980-726871EC7833}.Release|Any CPU.Build.0 = Release|Any CPU
		{D05D93DF-312D-4D4E-B980-726871EC7833}.Release|ARM.ActiveCfg = Release|Any CPU
		{D05D93DF-312D-4D4E-B980-726871EC7833}.Release|ARM.Build.0 = Release|Any CPU
		{D05D93DF-312D-4D4E-B980-726871EC7833}.Release|iPhone.ActiveCfg = Release|Any CPU
		{D05D93DF-312D-4D4E-B980-726871EC7833}.Release|iPhone.Build.0 = Release|Any CPU
		{D05D93DF-312D-4D4E-B980-726871EC7833}.Release|iPhoneSimulator.ActiveCfg = Release|Any CPU
		{D05D93DF-312D-4D4E-B980-726871EC7833}.Release|iPhoneSimulator.Build.0 = Release|Any CPU
		{D05D93DF-312D-4D4E-B980-726871EC7833}.Release|x64.ActiveCfg = Release|Any CPU
		{D05D93DF-312D-4D4E-B980-726871EC7833}.Release|x64.Build.0 = Release|Any CPU
		{D05D93DF-312D-4D4E-B980-726871EC7833}.Release|x86.ActiveCfg = Release|Any CPU
		{D05D93DF-312D-4D4E-B980-726871EC7833}.Release|x86.Build.0 = Release|Any CPU
		{3C92B4C3-D8EF-495E-AF74-3A4EB7F505A6}.Ad-Hoc|Any CPU.ActiveCfg = Release|Any CPU
		{3C92B4C3-D8EF-495E-AF74-3A4EB7F505A6}.Ad-Hoc|Any CPU.Build.0 = Release|Any CPU
		{3C92B4C3-D8EF-495E-AF74-3A4EB7F505A6}.Ad-Hoc|ARM.ActiveCfg = Release|Any CPU
		{3C92B4C3-D8EF-495E-AF74-3A4EB7F505A6}.Ad-Hoc|ARM.Build.0 = Release|Any CPU
		{3C92B4C3-D8EF-495E-AF74-3A4EB7F505A6}.Ad-Hoc|iPhone.ActiveCfg = Release|Any CPU
		{3C92B4C3-D8EF-495E-AF74-3A4EB7F505A6}.Ad-Hoc|iPhone.Build.0 = Release|Any CPU
		{3C92B4C3-D8EF-495E-AF74-3A4EB7F505A6}.Ad-Hoc|iPhoneSimulator.ActiveCfg = Release|Any CPU
		{3C92B4C3-D8EF-495E-AF74-3A4EB7F505A6}.Ad-Hoc|iPhoneSimulator.Build.0 = Release|Any CPU
		{3C92B4C3-D8EF-495E-AF74-3A4EB7F505A6}.Ad-Hoc|x64.ActiveCfg = Release|Any CPU
		{3C92B4C3-D8EF-495E-AF74-3A4EB7F505A6}.Ad-Hoc|x64.Build.0 = Release|Any CPU
		{3C92B4C3-D8EF-495E-AF74-3A4EB7F505A6}.Ad-Hoc|x86.ActiveCfg = Release|Any CPU
		{3C92B4C3-D8EF-495E-AF74-3A4EB7F505A6}.Ad-Hoc|x86.Build.0 = Release|Any CPU
		{3C92B4C3-D8EF-495E-AF74-3A4EB7F505A6}.AppStore|Any CPU.ActiveCfg = Release|Any CPU
		{3C92B4C3-D8EF-495E-AF74-3A4EB7F505A6}.AppStore|Any CPU.Build.0 = Release|Any CPU
		{3C92B4C3-D8EF-495E-AF74-3A4EB7F505A6}.AppStore|ARM.ActiveCfg = Release|Any CPU
		{3C92B4C3-D8EF-495E-AF74-3A4EB7F505A6}.AppStore|ARM.Build.0 = Release|Any CPU
		{3C92B4C3-D8EF-495E-AF74-3A4EB7F505A6}.AppStore|iPhone.ActiveCfg = Release|Any CPU
		{3C92B4C3-D8EF-495E-AF74-3A4EB7F505A6}.AppStore|iPhone.Build.0 = Release|Any CPU
		{3C92B4C3-D8EF-495E-AF74-3A4EB7F505A6}.AppStore|iPhoneSimulator.ActiveCfg = Release|Any CPU
		{3C92B4C3-D8EF-495E-AF74-3A4EB7F505A6}.AppStore|iPhoneSimulator.Build.0 = Release|Any CPU
		{3C92B4C3-D8EF-495E-AF74-3A4EB7F505A6}.AppStore|x64.ActiveCfg = Release|Any CPU
		{3C92B4C3-D8EF-495E-AF74-3A4EB7F505A6}.AppStore|x64.Build.0 = Release|Any CPU
		{3C92B4C3-D8EF-495E-AF74-3A4EB7F505A6}.AppStore|x86.ActiveCfg = Release|Any CPU
		{3C92B4C3-D8EF-495E-AF74-3A4EB7F505A6}.AppStore|x86.Build.0 = Release|Any CPU
		{3C92B4C3-D8EF-495E-AF74-3A4EB7F505A6}.Debug|Any CPU.ActiveCfg = Debug|Any CPU
		{3C92B4C3-D8EF-495E-AF74-3A4EB7F505A6}.Debug|Any CPU.Build.0 = Debug|Any CPU
		{3C92B4C3-D8EF-495E-AF74-3A4EB7F505A6}.Debug|ARM.ActiveCfg = Debug|Any CPU
		{3C92B4C3-D8EF-495E-AF74-3A4EB7F505A6}.Debug|ARM.Build.0 = Debug|Any CPU
		{3C92B4C3-D8EF-495E-AF74-3A4EB7F505A6}.Debug|iPhone.ActiveCfg = Debug|Any CPU
		{3C92B4C3-D8EF-495E-AF74-3A4EB7F505A6}.Debug|iPhone.Build.0 = Debug|Any CPU
		{3C92B4C3-D8EF-495E-AF74-3A4EB7F505A6}.Debug|iPhoneSimulator.ActiveCfg = Debug|Any CPU
		{3C92B4C3-D8EF-495E-AF74-3A4EB7F505A6}.Debug|iPhoneSimulator.Build.0 = Debug|Any CPU
		{3C92B4C3-D8EF-495E-AF74-3A4EB7F505A6}.Debug|x64.ActiveCfg = Debug|Any CPU
		{3C92B4C3-D8EF-495E-AF74-3A4EB7F505A6}.Debug|x64.Build.0 = Debug|Any CPU
		{3C92B4C3-D8EF-495E-AF74-3A4EB7F505A6}.Debug|x86.ActiveCfg = Debug|Any CPU
		{3C92B4C3-D8EF-495E-AF74-3A4EB7F505A6}.Debug|x86.Build.0 = Debug|Any CPU
		{3C92B4C3-D8EF-495E-AF74-3A4EB7F505A6}.EasyTest|Any CPU.ActiveCfg = Debug|Any CPU
		{3C92B4C3-D8EF-495E-AF74-3A4EB7F505A6}.EasyTest|Any CPU.Build.0 = Debug|Any CPU
		{3C92B4C3-D8EF-495E-AF74-3A4EB7F505A6}.EasyTest|ARM.ActiveCfg = Release|Any CPU
		{3C92B4C3-D8EF-495E-AF74-3A4EB7F505A6}.EasyTest|ARM.Build.0 = Release|Any CPU
		{3C92B4C3-D8EF-495E-AF74-3A4EB7F505A6}.EasyTest|iPhone.ActiveCfg = Release|Any CPU
		{3C92B4C3-D8EF-495E-AF74-3A4EB7F505A6}.EasyTest|iPhone.Build.0 = Release|Any CPU
		{3C92B4C3-D8EF-495E-AF74-3A4EB7F505A6}.EasyTest|iPhoneSimulator.ActiveCfg = Release|Any CPU
		{3C92B4C3-D8EF-495E-AF74-3A4EB7F505A6}.EasyTest|iPhoneSimulator.Build.0 = Release|Any CPU
		{3C92B4C3-D8EF-495E-AF74-3A4EB7F505A6}.EasyTest|x64.ActiveCfg = Release|Any CPU
		{3C92B4C3-D8EF-495E-AF74-3A4EB7F505A6}.EasyTest|x64.Build.0 = Release|Any CPU
		{3C92B4C3-D8EF-495E-AF74-3A4EB7F505A6}.EasyTest|x86.ActiveCfg = Release|Any CPU
		{3C92B4C3-D8EF-495E-AF74-3A4EB7F505A6}.EasyTest|x86.Build.0 = Release|Any CPU
		{3C92B4C3-D8EF-495E-AF74-3A4EB7F505A6}.Release|Any CPU.ActiveCfg = Release|Any CPU
		{3C92B4C3-D8EF-495E-AF74-3A4EB7F505A6}.Release|Any CPU.Build.0 = Release|Any CPU
		{3C92B4C3-D8EF-495E-AF74-3A4EB7F505A6}.Release|ARM.ActiveCfg = Release|Any CPU
		{3C92B4C3-D8EF-495E-AF74-3A4EB7F505A6}.Release|ARM.Build.0 = Release|Any CPU
		{3C92B4C3-D8EF-495E-AF74-3A4EB7F505A6}.Release|iPhone.ActiveCfg = Release|Any CPU
		{3C92B4C3-D8EF-495E-AF74-3A4EB7F505A6}.Release|iPhone.Build.0 = Release|Any CPU
		{3C92B4C3-D8EF-495E-AF74-3A4EB7F505A6}.Release|iPhoneSimulator.ActiveCfg = Release|Any CPU
		{3C92B4C3-D8EF-495E-AF74-3A4EB7F505A6}.Release|iPhoneSimulator.Build.0 = Release|Any CPU
		{3C92B4C3-D8EF-495E-AF74-3A4EB7F505A6}.Release|x64.ActiveCfg = Release|Any CPU
		{3C92B4C3-D8EF-495E-AF74-3A4EB7F505A6}.Release|x64.Build.0 = Release|Any CPU
		{3C92B4C3-D8EF-495E-AF74-3A4EB7F505A6}.Release|x86.ActiveCfg = Release|Any CPU
		{3C92B4C3-D8EF-495E-AF74-3A4EB7F505A6}.Release|x86.Build.0 = Release|Any CPU
		{4F7E2355-AE8B-424D-A662-564FE32A2E0A}.Ad-Hoc|Any CPU.ActiveCfg = Release|Any CPU
		{4F7E2355-AE8B-424D-A662-564FE32A2E0A}.Ad-Hoc|Any CPU.Build.0 = Release|Any CPU
		{4F7E2355-AE8B-424D-A662-564FE32A2E0A}.Ad-Hoc|ARM.ActiveCfg = Release|Any CPU
		{4F7E2355-AE8B-424D-A662-564FE32A2E0A}.Ad-Hoc|ARM.Build.0 = Release|Any CPU
		{4F7E2355-AE8B-424D-A662-564FE32A2E0A}.Ad-Hoc|iPhone.ActiveCfg = Release|Any CPU
		{4F7E2355-AE8B-424D-A662-564FE32A2E0A}.Ad-Hoc|iPhone.Build.0 = Release|Any CPU
		{4F7E2355-AE8B-424D-A662-564FE32A2E0A}.Ad-Hoc|iPhoneSimulator.ActiveCfg = Release|Any CPU
		{4F7E2355-AE8B-424D-A662-564FE32A2E0A}.Ad-Hoc|iPhoneSimulator.Build.0 = Release|Any CPU
		{4F7E2355-AE8B-424D-A662-564FE32A2E0A}.Ad-Hoc|x64.ActiveCfg = Release|Any CPU
		{4F7E2355-AE8B-424D-A662-564FE32A2E0A}.Ad-Hoc|x64.Build.0 = Release|Any CPU
		{4F7E2355-AE8B-424D-A662-564FE32A2E0A}.Ad-Hoc|x86.ActiveCfg = Release|Any CPU
		{4F7E2355-AE8B-424D-A662-564FE32A2E0A}.Ad-Hoc|x86.Build.0 = Release|Any CPU
		{4F7E2355-AE8B-424D-A662-564FE32A2E0A}.AppStore|Any CPU.ActiveCfg = Release|Any CPU
		{4F7E2355-AE8B-424D-A662-564FE32A2E0A}.AppStore|Any CPU.Build.0 = Release|Any CPU
		{4F7E2355-AE8B-424D-A662-564FE32A2E0A}.AppStore|ARM.ActiveCfg = Release|Any CPU
		{4F7E2355-AE8B-424D-A662-564FE32A2E0A}.AppStore|ARM.Build.0 = Release|Any CPU
		{4F7E2355-AE8B-424D-A662-564FE32A2E0A}.AppStore|iPhone.ActiveCfg = Release|Any CPU
		{4F7E2355-AE8B-424D-A662-564FE32A2E0A}.AppStore|iPhone.Build.0 = Release|Any CPU
		{4F7E2355-AE8B-424D-A662-564FE32A2E0A}.AppStore|iPhoneSimulator.ActiveCfg = Release|Any CPU
		{4F7E2355-AE8B-424D-A662-564FE32A2E0A}.AppStore|iPhoneSimulator.Build.0 = Release|Any CPU
		{4F7E2355-AE8B-424D-A662-564FE32A2E0A}.AppStore|x64.ActiveCfg = Release|Any CPU
		{4F7E2355-AE8B-424D-A662-564FE32A2E0A}.AppStore|x64.Build.0 = Release|Any CPU
		{4F7E2355-AE8B-424D-A662-564FE32A2E0A}.AppStore|x86.ActiveCfg = Release|Any CPU
		{4F7E2355-AE8B-424D-A662-564FE32A2E0A}.AppStore|x86.Build.0 = Release|Any CPU
		{4F7E2355-AE8B-424D-A662-564FE32A2E0A}.Debug|Any CPU.ActiveCfg = Debug|Any CPU
		{4F7E2355-AE8B-424D-A662-564FE32A2E0A}.Debug|Any CPU.Build.0 = Debug|Any CPU
		{4F7E2355-AE8B-424D-A662-564FE32A2E0A}.Debug|ARM.ActiveCfg = Debug|Any CPU
		{4F7E2355-AE8B-424D-A662-564FE32A2E0A}.Debug|ARM.Build.0 = Debug|Any CPU
		{4F7E2355-AE8B-424D-A662-564FE32A2E0A}.Debug|iPhone.ActiveCfg = Debug|Any CPU
		{4F7E2355-AE8B-424D-A662-564FE32A2E0A}.Debug|iPhone.Build.0 = Debug|Any CPU
		{4F7E2355-AE8B-424D-A662-564FE32A2E0A}.Debug|iPhoneSimulator.ActiveCfg = Debug|Any CPU
		{4F7E2355-AE8B-424D-A662-564FE32A2E0A}.Debug|iPhoneSimulator.Build.0 = Debug|Any CPU
		{4F7E2355-AE8B-424D-A662-564FE32A2E0A}.Debug|x64.ActiveCfg = Debug|Any CPU
		{4F7E2355-AE8B-424D-A662-564FE32A2E0A}.Debug|x64.Build.0 = Debug|Any CPU
		{4F7E2355-AE8B-424D-A662-564FE32A2E0A}.Debug|x86.ActiveCfg = Debug|Any CPU
		{4F7E2355-AE8B-424D-A662-564FE32A2E0A}.Debug|x86.Build.0 = Debug|Any CPU
		{4F7E2355-AE8B-424D-A662-564FE32A2E0A}.EasyTest|Any CPU.ActiveCfg = Debug|Any CPU
		{4F7E2355-AE8B-424D-A662-564FE32A2E0A}.EasyTest|Any CPU.Build.0 = Debug|Any CPU
		{4F7E2355-AE8B-424D-A662-564FE32A2E0A}.EasyTest|ARM.ActiveCfg = Release|Any CPU
		{4F7E2355-AE8B-424D-A662-564FE32A2E0A}.EasyTest|ARM.Build.0 = Release|Any CPU
		{4F7E2355-AE8B-424D-A662-564FE32A2E0A}.EasyTest|iPhone.ActiveCfg = Release|Any CPU
		{4F7E2355-AE8B-424D-A662-564FE32A2E0A}.EasyTest|iPhone.Build.0 = Release|Any CPU
		{4F7E2355-AE8B-424D-A662-564FE32A2E0A}.EasyTest|iPhoneSimulator.ActiveCfg = Release|Any CPU
		{4F7E2355-AE8B-424D-A662-564FE32A2E0A}.EasyTest|iPhoneSimulator.Build.0 = Release|Any CPU
		{4F7E2355-AE8B-424D-A662-564FE32A2E0A}.EasyTest|x64.ActiveCfg = Release|Any CPU
		{4F7E2355-AE8B-424D-A662-564FE32A2E0A}.EasyTest|x64.Build.0 = Release|Any CPU
		{4F7E2355-AE8B-424D-A662-564FE32A2E0A}.EasyTest|x86.ActiveCfg = Release|Any CPU
		{4F7E2355-AE8B-424D-A662-564FE32A2E0A}.EasyTest|x86.Build.0 = Release|Any CPU
		{4F7E2355-AE8B-424D-A662-564FE32A2E0A}.Release|Any CPU.ActiveCfg = Release|Any CPU
		{4F7E2355-AE8B-424D-A662-564FE32A2E0A}.Release|Any CPU.Build.0 = Release|Any CPU
		{4F7E2355-AE8B-424D-A662-564FE32A2E0A}.Release|ARM.ActiveCfg = Release|Any CPU
		{4F7E2355-AE8B-424D-A662-564FE32A2E0A}.Release|ARM.Build.0 = Release|Any CPU
		{4F7E2355-AE8B-424D-A662-564FE32A2E0A}.Release|iPhone.ActiveCfg = Release|Any CPU
		{4F7E2355-AE8B-424D-A662-564FE32A2E0A}.Release|iPhone.Build.0 = Release|Any CPU
		{4F7E2355-AE8B-424D-A662-564FE32A2E0A}.Release|iPhoneSimulator.ActiveCfg = Release|Any CPU
		{4F7E2355-AE8B-424D-A662-564FE32A2E0A}.Release|iPhoneSimulator.Build.0 = Release|Any CPU
		{4F7E2355-AE8B-424D-A662-564FE32A2E0A}.Release|x64.ActiveCfg = Release|Any CPU
		{4F7E2355-AE8B-424D-A662-564FE32A2E0A}.Release|x64.Build.0 = Release|Any CPU
		{4F7E2355-AE8B-424D-A662-564FE32A2E0A}.Release|x86.ActiveCfg = Release|Any CPU
		{4F7E2355-AE8B-424D-A662-564FE32A2E0A}.Release|x86.Build.0 = Release|Any CPU
		{CB68E5D3-36A3-4AB9-9CC9-2B396DB1FF6F}.Ad-Hoc|Any CPU.ActiveCfg = Release|Any CPU
		{CB68E5D3-36A3-4AB9-9CC9-2B396DB1FF6F}.Ad-Hoc|Any CPU.Build.0 = Release|Any CPU
		{CB68E5D3-36A3-4AB9-9CC9-2B396DB1FF6F}.Ad-Hoc|ARM.ActiveCfg = Release|Any CPU
		{CB68E5D3-36A3-4AB9-9CC9-2B396DB1FF6F}.Ad-Hoc|ARM.Build.0 = Release|Any CPU
		{CB68E5D3-36A3-4AB9-9CC9-2B396DB1FF6F}.Ad-Hoc|iPhone.ActiveCfg = Release|Any CPU
		{CB68E5D3-36A3-4AB9-9CC9-2B396DB1FF6F}.Ad-Hoc|iPhone.Build.0 = Release|Any CPU
		{CB68E5D3-36A3-4AB9-9CC9-2B396DB1FF6F}.Ad-Hoc|iPhoneSimulator.ActiveCfg = Release|Any CPU
		{CB68E5D3-36A3-4AB9-9CC9-2B396DB1FF6F}.Ad-Hoc|iPhoneSimulator.Build.0 = Release|Any CPU
		{CB68E5D3-36A3-4AB9-9CC9-2B396DB1FF6F}.Ad-Hoc|x64.ActiveCfg = Release|Any CPU
		{CB68E5D3-36A3-4AB9-9CC9-2B396DB1FF6F}.Ad-Hoc|x64.Build.0 = Release|Any CPU
		{CB68E5D3-36A3-4AB9-9CC9-2B396DB1FF6F}.Ad-Hoc|x86.ActiveCfg = Release|Any CPU
		{CB68E5D3-36A3-4AB9-9CC9-2B396DB1FF6F}.Ad-Hoc|x86.Build.0 = Release|Any CPU
		{CB68E5D3-36A3-4AB9-9CC9-2B396DB1FF6F}.AppStore|Any CPU.ActiveCfg = Release|Any CPU
		{CB68E5D3-36A3-4AB9-9CC9-2B396DB1FF6F}.AppStore|Any CPU.Build.0 = Release|Any CPU
		{CB68E5D3-36A3-4AB9-9CC9-2B396DB1FF6F}.AppStore|ARM.ActiveCfg = Release|Any CPU
		{CB68E5D3-36A3-4AB9-9CC9-2B396DB1FF6F}.AppStore|ARM.Build.0 = Release|Any CPU
		{CB68E5D3-36A3-4AB9-9CC9-2B396DB1FF6F}.AppStore|iPhone.ActiveCfg = Release|Any CPU
		{CB68E5D3-36A3-4AB9-9CC9-2B396DB1FF6F}.AppStore|iPhone.Build.0 = Release|Any CPU
		{CB68E5D3-36A3-4AB9-9CC9-2B396DB1FF6F}.AppStore|iPhoneSimulator.ActiveCfg = Release|Any CPU
		{CB68E5D3-36A3-4AB9-9CC9-2B396DB1FF6F}.AppStore|iPhoneSimulator.Build.0 = Release|Any CPU
		{CB68E5D3-36A3-4AB9-9CC9-2B396DB1FF6F}.AppStore|x64.ActiveCfg = Release|Any CPU
		{CB68E5D3-36A3-4AB9-9CC9-2B396DB1FF6F}.AppStore|x64.Build.0 = Release|Any CPU
		{CB68E5D3-36A3-4AB9-9CC9-2B396DB1FF6F}.AppStore|x86.ActiveCfg = Release|Any CPU
		{CB68E5D3-36A3-4AB9-9CC9-2B396DB1FF6F}.AppStore|x86.Build.0 = Release|Any CPU
		{CB68E5D3-36A3-4AB9-9CC9-2B396DB1FF6F}.Debug|Any CPU.ActiveCfg = Debug|Any CPU
		{CB68E5D3-36A3-4AB9-9CC9-2B396DB1FF6F}.Debug|Any CPU.Build.0 = Debug|Any CPU
		{CB68E5D3-36A3-4AB9-9CC9-2B396DB1FF6F}.Debug|ARM.ActiveCfg = Debug|Any CPU
		{CB68E5D3-36A3-4AB9-9CC9-2B396DB1FF6F}.Debug|ARM.Build.0 = Debug|Any CPU
		{CB68E5D3-36A3-4AB9-9CC9-2B396DB1FF6F}.Debug|iPhone.ActiveCfg = Debug|Any CPU
		{CB68E5D3-36A3-4AB9-9CC9-2B396DB1FF6F}.Debug|iPhone.Build.0 = Debug|Any CPU
		{CB68E5D3-36A3-4AB9-9CC9-2B396DB1FF6F}.Debug|iPhoneSimulator.ActiveCfg = Debug|Any CPU
		{CB68E5D3-36A3-4AB9-9CC9-2B396DB1FF6F}.Debug|iPhoneSimulator.Build.0 = Debug|Any CPU
		{CB68E5D3-36A3-4AB9-9CC9-2B396DB1FF6F}.Debug|x64.ActiveCfg = Debug|Any CPU
		{CB68E5D3-36A3-4AB9-9CC9-2B396DB1FF6F}.Debug|x64.Build.0 = Debug|Any CPU
		{CB68E5D3-36A3-4AB9-9CC9-2B396DB1FF6F}.Debug|x86.ActiveCfg = Debug|Any CPU
		{CB68E5D3-36A3-4AB9-9CC9-2B396DB1FF6F}.Debug|x86.Build.0 = Debug|Any CPU
		{CB68E5D3-36A3-4AB9-9CC9-2B396DB1FF6F}.EasyTest|Any CPU.ActiveCfg = Release|Any CPU
		{CB68E5D3-36A3-4AB9-9CC9-2B396DB1FF6F}.EasyTest|Any CPU.Build.0 = Release|Any CPU
		{CB68E5D3-36A3-4AB9-9CC9-2B396DB1FF6F}.EasyTest|ARM.ActiveCfg = Release|Any CPU
		{CB68E5D3-36A3-4AB9-9CC9-2B396DB1FF6F}.EasyTest|ARM.Build.0 = Release|Any CPU
		{CB68E5D3-36A3-4AB9-9CC9-2B396DB1FF6F}.EasyTest|iPhone.ActiveCfg = Release|Any CPU
		{CB68E5D3-36A3-4AB9-9CC9-2B396DB1FF6F}.EasyTest|iPhone.Build.0 = Release|Any CPU
		{CB68E5D3-36A3-4AB9-9CC9-2B396DB1FF6F}.EasyTest|iPhoneSimulator.ActiveCfg = Release|Any CPU
		{CB68E5D3-36A3-4AB9-9CC9-2B396DB1FF6F}.EasyTest|iPhoneSimulator.Build.0 = Release|Any CPU
		{CB68E5D3-36A3-4AB9-9CC9-2B396DB1FF6F}.EasyTest|x64.ActiveCfg = Release|Any CPU
		{CB68E5D3-36A3-4AB9-9CC9-2B396DB1FF6F}.EasyTest|x64.Build.0 = Release|Any CPU
		{CB68E5D3-36A3-4AB9-9CC9-2B396DB1FF6F}.EasyTest|x86.ActiveCfg = Release|Any CPU
		{CB68E5D3-36A3-4AB9-9CC9-2B396DB1FF6F}.EasyTest|x86.Build.0 = Release|Any CPU
		{CB68E5D3-36A3-4AB9-9CC9-2B396DB1FF6F}.Release|Any CPU.ActiveCfg = Release|Any CPU
		{CB68E5D3-36A3-4AB9-9CC9-2B396DB1FF6F}.Release|Any CPU.Build.0 = Release|Any CPU
		{CB68E5D3-36A3-4AB9-9CC9-2B396DB1FF6F}.Release|ARM.ActiveCfg = Release|Any CPU
		{CB68E5D3-36A3-4AB9-9CC9-2B396DB1FF6F}.Release|ARM.Build.0 = Release|Any CPU
		{CB68E5D3-36A3-4AB9-9CC9-2B396DB1FF6F}.Release|iPhone.ActiveCfg = Release|Any CPU
		{CB68E5D3-36A3-4AB9-9CC9-2B396DB1FF6F}.Release|iPhone.Build.0 = Release|Any CPU
		{CB68E5D3-36A3-4AB9-9CC9-2B396DB1FF6F}.Release|iPhoneSimulator.ActiveCfg = Release|Any CPU
		{CB68E5D3-36A3-4AB9-9CC9-2B396DB1FF6F}.Release|iPhoneSimulator.Build.0 = Release|Any CPU
		{CB68E5D3-36A3-4AB9-9CC9-2B396DB1FF6F}.Release|x64.ActiveCfg = Release|Any CPU
		{CB68E5D3-36A3-4AB9-9CC9-2B396DB1FF6F}.Release|x64.Build.0 = Release|Any CPU
		{CB68E5D3-36A3-4AB9-9CC9-2B396DB1FF6F}.Release|x86.ActiveCfg = Release|Any CPU
		{CB68E5D3-36A3-4AB9-9CC9-2B396DB1FF6F}.Release|x86.Build.0 = Release|Any CPU
		{34A05C83-D712-482B-A495-6AF5D1F54DE4}.Ad-Hoc|Any CPU.ActiveCfg = Debug|Any CPU
		{34A05C83-D712-482B-A495-6AF5D1F54DE4}.Ad-Hoc|Any CPU.Build.0 = Debug|Any CPU
		{34A05C83-D712-482B-A495-6AF5D1F54DE4}.Ad-Hoc|ARM.ActiveCfg = Debug|Any CPU
		{34A05C83-D712-482B-A495-6AF5D1F54DE4}.Ad-Hoc|ARM.Build.0 = Debug|Any CPU
		{34A05C83-D712-482B-A495-6AF5D1F54DE4}.Ad-Hoc|iPhone.ActiveCfg = Debug|Any CPU
		{34A05C83-D712-482B-A495-6AF5D1F54DE4}.Ad-Hoc|iPhone.Build.0 = Debug|Any CPU
		{34A05C83-D712-482B-A495-6AF5D1F54DE4}.Ad-Hoc|iPhoneSimulator.ActiveCfg = Debug|Any CPU
		{34A05C83-D712-482B-A495-6AF5D1F54DE4}.Ad-Hoc|iPhoneSimulator.Build.0 = Debug|Any CPU
		{34A05C83-D712-482B-A495-6AF5D1F54DE4}.Ad-Hoc|x64.ActiveCfg = Debug|Any CPU
		{34A05C83-D712-482B-A495-6AF5D1F54DE4}.Ad-Hoc|x64.Build.0 = Debug|Any CPU
		{34A05C83-D712-482B-A495-6AF5D1F54DE4}.Ad-Hoc|x86.ActiveCfg = Debug|Any CPU
		{34A05C83-D712-482B-A495-6AF5D1F54DE4}.Ad-Hoc|x86.Build.0 = Debug|Any CPU
		{34A05C83-D712-482B-A495-6AF5D1F54DE4}.AppStore|Any CPU.ActiveCfg = Debug|Any CPU
		{34A05C83-D712-482B-A495-6AF5D1F54DE4}.AppStore|Any CPU.Build.0 = Debug|Any CPU
		{34A05C83-D712-482B-A495-6AF5D1F54DE4}.AppStore|ARM.ActiveCfg = Debug|Any CPU
		{34A05C83-D712-482B-A495-6AF5D1F54DE4}.AppStore|ARM.Build.0 = Debug|Any CPU
		{34A05C83-D712-482B-A495-6AF5D1F54DE4}.AppStore|iPhone.ActiveCfg = Debug|Any CPU
		{34A05C83-D712-482B-A495-6AF5D1F54DE4}.AppStore|iPhone.Build.0 = Debug|Any CPU
		{34A05C83-D712-482B-A495-6AF5D1F54DE4}.AppStore|iPhoneSimulator.ActiveCfg = Debug|Any CPU
		{34A05C83-D712-482B-A495-6AF5D1F54DE4}.AppStore|iPhoneSimulator.Build.0 = Debug|Any CPU
		{34A05C83-D712-482B-A495-6AF5D1F54DE4}.AppStore|x64.ActiveCfg = Debug|Any CPU
		{34A05C83-D712-482B-A495-6AF5D1F54DE4}.AppStore|x64.Build.0 = Debug|Any CPU
		{34A05C83-D712-482B-A495-6AF5D1F54DE4}.AppStore|x86.ActiveCfg = Debug|Any CPU
		{34A05C83-D712-482B-A495-6AF5D1F54DE4}.AppStore|x86.Build.0 = Debug|Any CPU
		{34A05C83-D712-482B-A495-6AF5D1F54DE4}.Debug|Any CPU.ActiveCfg = Debug|Any CPU
		{34A05C83-D712-482B-A495-6AF5D1F54DE4}.Debug|Any CPU.Build.0 = Debug|Any CPU
		{34A05C83-D712-482B-A495-6AF5D1F54DE4}.Debug|ARM.ActiveCfg = Debug|Any CPU
		{34A05C83-D712-482B-A495-6AF5D1F54DE4}.Debug|ARM.Build.0 = Debug|Any CPU
		{34A05C83-D712-482B-A495-6AF5D1F54DE4}.Debug|iPhone.ActiveCfg = Debug|Any CPU
		{34A05C83-D712-482B-A495-6AF5D1F54DE4}.Debug|iPhone.Build.0 = Debug|Any CPU
		{34A05C83-D712-482B-A495-6AF5D1F54DE4}.Debug|iPhoneSimulator.ActiveCfg = Debug|Any CPU
		{34A05C83-D712-482B-A495-6AF5D1F54DE4}.Debug|iPhoneSimulator.Build.0 = Debug|Any CPU
		{34A05C83-D712-482B-A495-6AF5D1F54DE4}.Debug|x64.ActiveCfg = Debug|Any CPU
		{34A05C83-D712-482B-A495-6AF5D1F54DE4}.Debug|x64.Build.0 = Debug|Any CPU
		{34A05C83-D712-482B-A495-6AF5D1F54DE4}.Debug|x86.ActiveCfg = Debug|Any CPU
		{34A05C83-D712-482B-A495-6AF5D1F54DE4}.Debug|x86.Build.0 = Debug|Any CPU
		{34A05C83-D712-482B-A495-6AF5D1F54DE4}.EasyTest|Any CPU.ActiveCfg = Debug|Any CPU
		{34A05C83-D712-482B-A495-6AF5D1F54DE4}.EasyTest|Any CPU.Build.0 = Debug|Any CPU
		{34A05C83-D712-482B-A495-6AF5D1F54DE4}.EasyTest|ARM.ActiveCfg = Debug|Any CPU
		{34A05C83-D712-482B-A495-6AF5D1F54DE4}.EasyTest|ARM.Build.0 = Debug|Any CPU
		{34A05C83-D712-482B-A495-6AF5D1F54DE4}.EasyTest|iPhone.ActiveCfg = Debug|Any CPU
		{34A05C83-D712-482B-A495-6AF5D1F54DE4}.EasyTest|iPhone.Build.0 = Debug|Any CPU
		{34A05C83-D712-482B-A495-6AF5D1F54DE4}.EasyTest|iPhoneSimulator.ActiveCfg = Debug|Any CPU
		{34A05C83-D712-482B-A495-6AF5D1F54DE4}.EasyTest|iPhoneSimulator.Build.0 = Debug|Any CPU
		{34A05C83-D712-482B-A495-6AF5D1F54DE4}.EasyTest|x64.ActiveCfg = Debug|Any CPU
		{34A05C83-D712-482B-A495-6AF5D1F54DE4}.EasyTest|x64.Build.0 = Debug|Any CPU
		{34A05C83-D712-482B-A495-6AF5D1F54DE4}.EasyTest|x86.ActiveCfg = Debug|Any CPU
		{34A05C83-D712-482B-A495-6AF5D1F54DE4}.EasyTest|x86.Build.0 = Debug|Any CPU
		{34A05C83-D712-482B-A495-6AF5D1F54DE4}.Release|Any CPU.ActiveCfg = Release|Any CPU
		{34A05C83-D712-482B-A495-6AF5D1F54DE4}.Release|Any CPU.Build.0 = Release|Any CPU
		{34A05C83-D712-482B-A495-6AF5D1F54DE4}.Release|ARM.ActiveCfg = Release|Any CPU
		{34A05C83-D712-482B-A495-6AF5D1F54DE4}.Release|ARM.Build.0 = Release|Any CPU
		{34A05C83-D712-482B-A495-6AF5D1F54DE4}.Release|iPhone.ActiveCfg = Release|Any CPU
		{34A05C83-D712-482B-A495-6AF5D1F54DE4}.Release|iPhone.Build.0 = Release|Any CPU
		{34A05C83-D712-482B-A495-6AF5D1F54DE4}.Release|iPhoneSimulator.ActiveCfg = Release|Any CPU
		{34A05C83-D712-482B-A495-6AF5D1F54DE4}.Release|iPhoneSimulator.Build.0 = Release|Any CPU
		{34A05C83-D712-482B-A495-6AF5D1F54DE4}.Release|x64.ActiveCfg = Release|Any CPU
		{34A05C83-D712-482B-A495-6AF5D1F54DE4}.Release|x64.Build.0 = Release|Any CPU
		{34A05C83-D712-482B-A495-6AF5D1F54DE4}.Release|x86.ActiveCfg = Release|Any CPU
		{34A05C83-D712-482B-A495-6AF5D1F54DE4}.Release|x86.Build.0 = Release|Any CPU
		{4FE54555-5901-4ED9-B3EE-B1B416536526}.Ad-Hoc|Any CPU.ActiveCfg = Release|Any CPU
		{4FE54555-5901-4ED9-B3EE-B1B416536526}.Ad-Hoc|Any CPU.Build.0 = Release|Any CPU
		{4FE54555-5901-4ED9-B3EE-B1B416536526}.Ad-Hoc|Any CPU.Deploy.0 = Release|Any CPU
		{4FE54555-5901-4ED9-B3EE-B1B416536526}.Ad-Hoc|ARM.ActiveCfg = Release|Any CPU
		{4FE54555-5901-4ED9-B3EE-B1B416536526}.Ad-Hoc|ARM.Build.0 = Release|Any CPU
		{4FE54555-5901-4ED9-B3EE-B1B416536526}.Ad-Hoc|ARM.Deploy.0 = Release|Any CPU
		{4FE54555-5901-4ED9-B3EE-B1B416536526}.Ad-Hoc|iPhone.ActiveCfg = Release|Any CPU
		{4FE54555-5901-4ED9-B3EE-B1B416536526}.Ad-Hoc|iPhone.Build.0 = Release|Any CPU
		{4FE54555-5901-4ED9-B3EE-B1B416536526}.Ad-Hoc|iPhone.Deploy.0 = Release|Any CPU
		{4FE54555-5901-4ED9-B3EE-B1B416536526}.Ad-Hoc|iPhoneSimulator.ActiveCfg = Release|Any CPU
		{4FE54555-5901-4ED9-B3EE-B1B416536526}.Ad-Hoc|iPhoneSimulator.Build.0 = Release|Any CPU
		{4FE54555-5901-4ED9-B3EE-B1B416536526}.Ad-Hoc|iPhoneSimulator.Deploy.0 = Release|Any CPU
		{4FE54555-5901-4ED9-B3EE-B1B416536526}.Ad-Hoc|x64.ActiveCfg = Release|Any CPU
		{4FE54555-5901-4ED9-B3EE-B1B416536526}.Ad-Hoc|x64.Build.0 = Release|Any CPU
		{4FE54555-5901-4ED9-B3EE-B1B416536526}.Ad-Hoc|x64.Deploy.0 = Release|Any CPU
		{4FE54555-5901-4ED9-B3EE-B1B416536526}.Ad-Hoc|x86.ActiveCfg = Release|Any CPU
		{4FE54555-5901-4ED9-B3EE-B1B416536526}.Ad-Hoc|x86.Build.0 = Release|Any CPU
		{4FE54555-5901-4ED9-B3EE-B1B416536526}.Ad-Hoc|x86.Deploy.0 = Release|Any CPU
		{4FE54555-5901-4ED9-B3EE-B1B416536526}.AppStore|Any CPU.ActiveCfg = Release|Any CPU
		{4FE54555-5901-4ED9-B3EE-B1B416536526}.AppStore|Any CPU.Build.0 = Release|Any CPU
		{4FE54555-5901-4ED9-B3EE-B1B416536526}.AppStore|Any CPU.Deploy.0 = Release|Any CPU
		{4FE54555-5901-4ED9-B3EE-B1B416536526}.AppStore|ARM.ActiveCfg = Release|Any CPU
		{4FE54555-5901-4ED9-B3EE-B1B416536526}.AppStore|ARM.Build.0 = Release|Any CPU
		{4FE54555-5901-4ED9-B3EE-B1B416536526}.AppStore|ARM.Deploy.0 = Release|Any CPU
		{4FE54555-5901-4ED9-B3EE-B1B416536526}.AppStore|iPhone.ActiveCfg = Release|Any CPU
		{4FE54555-5901-4ED9-B3EE-B1B416536526}.AppStore|iPhone.Build.0 = Release|Any CPU
		{4FE54555-5901-4ED9-B3EE-B1B416536526}.AppStore|iPhone.Deploy.0 = Release|Any CPU
		{4FE54555-5901-4ED9-B3EE-B1B416536526}.AppStore|iPhoneSimulator.ActiveCfg = Release|Any CPU
		{4FE54555-5901-4ED9-B3EE-B1B416536526}.AppStore|iPhoneSimulator.Build.0 = Release|Any CPU
		{4FE54555-5901-4ED9-B3EE-B1B416536526}.AppStore|iPhoneSimulator.Deploy.0 = Release|Any CPU
		{4FE54555-5901-4ED9-B3EE-B1B416536526}.AppStore|x64.ActiveCfg = Release|Any CPU
		{4FE54555-5901-4ED9-B3EE-B1B416536526}.AppStore|x64.Build.0 = Release|Any CPU
		{4FE54555-5901-4ED9-B3EE-B1B416536526}.AppStore|x64.Deploy.0 = Release|Any CPU
		{4FE54555-5901-4ED9-B3EE-B1B416536526}.AppStore|x86.ActiveCfg = Release|Any CPU
		{4FE54555-5901-4ED9-B3EE-B1B416536526}.AppStore|x86.Build.0 = Release|Any CPU
		{4FE54555-5901-4ED9-B3EE-B1B416536526}.AppStore|x86.Deploy.0 = Release|Any CPU
		{4FE54555-5901-4ED9-B3EE-B1B416536526}.Debug|Any CPU.ActiveCfg = Debug|Any CPU
		{4FE54555-5901-4ED9-B3EE-B1B416536526}.Debug|Any CPU.Build.0 = Debug|Any CPU
		{4FE54555-5901-4ED9-B3EE-B1B416536526}.Debug|Any CPU.Deploy.0 = Debug|Any CPU
		{4FE54555-5901-4ED9-B3EE-B1B416536526}.Debug|ARM.ActiveCfg = Debug|Any CPU
		{4FE54555-5901-4ED9-B3EE-B1B416536526}.Debug|ARM.Build.0 = Debug|Any CPU
		{4FE54555-5901-4ED9-B3EE-B1B416536526}.Debug|ARM.Deploy.0 = Debug|Any CPU
		{4FE54555-5901-4ED9-B3EE-B1B416536526}.Debug|iPhone.ActiveCfg = Debug|Any CPU
		{4FE54555-5901-4ED9-B3EE-B1B416536526}.Debug|iPhone.Build.0 = Debug|Any CPU
		{4FE54555-5901-4ED9-B3EE-B1B416536526}.Debug|iPhone.Deploy.0 = Debug|Any CPU
		{4FE54555-5901-4ED9-B3EE-B1B416536526}.Debug|iPhoneSimulator.ActiveCfg = Debug|Any CPU
		{4FE54555-5901-4ED9-B3EE-B1B416536526}.Debug|iPhoneSimulator.Build.0 = Debug|Any CPU
		{4FE54555-5901-4ED9-B3EE-B1B416536526}.Debug|iPhoneSimulator.Deploy.0 = Debug|Any CPU
		{4FE54555-5901-4ED9-B3EE-B1B416536526}.Debug|x64.ActiveCfg = Debug|Any CPU
		{4FE54555-5901-4ED9-B3EE-B1B416536526}.Debug|x64.Build.0 = Debug|Any CPU
		{4FE54555-5901-4ED9-B3EE-B1B416536526}.Debug|x64.Deploy.0 = Debug|Any CPU
		{4FE54555-5901-4ED9-B3EE-B1B416536526}.Debug|x86.ActiveCfg = Debug|Any CPU
		{4FE54555-5901-4ED9-B3EE-B1B416536526}.Debug|x86.Build.0 = Debug|Any CPU
		{4FE54555-5901-4ED9-B3EE-B1B416536526}.Debug|x86.Deploy.0 = Debug|Any CPU
		{4FE54555-5901-4ED9-B3EE-B1B416536526}.EasyTest|Any CPU.ActiveCfg = Release|Any CPU
		{4FE54555-5901-4ED9-B3EE-B1B416536526}.EasyTest|Any CPU.Build.0 = Release|Any CPU
		{4FE54555-5901-4ED9-B3EE-B1B416536526}.EasyTest|Any CPU.Deploy.0 = Release|Any CPU
		{4FE54555-5901-4ED9-B3EE-B1B416536526}.EasyTest|ARM.ActiveCfg = Release|Any CPU
		{4FE54555-5901-4ED9-B3EE-B1B416536526}.EasyTest|ARM.Build.0 = Release|Any CPU
		{4FE54555-5901-4ED9-B3EE-B1B416536526}.EasyTest|ARM.Deploy.0 = Release|Any CPU
		{4FE54555-5901-4ED9-B3EE-B1B416536526}.EasyTest|iPhone.ActiveCfg = Release|Any CPU
		{4FE54555-5901-4ED9-B3EE-B1B416536526}.EasyTest|iPhone.Build.0 = Release|Any CPU
		{4FE54555-5901-4ED9-B3EE-B1B416536526}.EasyTest|iPhone.Deploy.0 = Release|Any CPU
		{4FE54555-5901-4ED9-B3EE-B1B416536526}.EasyTest|iPhoneSimulator.ActiveCfg = Release|Any CPU
		{4FE54555-5901-4ED9-B3EE-B1B416536526}.EasyTest|iPhoneSimulator.Build.0 = Release|Any CPU
		{4FE54555-5901-4ED9-B3EE-B1B416536526}.EasyTest|iPhoneSimulator.Deploy.0 = Release|Any CPU
		{4FE54555-5901-4ED9-B3EE-B1B416536526}.EasyTest|x64.ActiveCfg = Release|Any CPU
		{4FE54555-5901-4ED9-B3EE-B1B416536526}.EasyTest|x64.Build.0 = Release|Any CPU
		{4FE54555-5901-4ED9-B3EE-B1B416536526}.EasyTest|x64.Deploy.0 = Release|Any CPU
		{4FE54555-5901-4ED9-B3EE-B1B416536526}.EasyTest|x86.ActiveCfg = Release|Any CPU
		{4FE54555-5901-4ED9-B3EE-B1B416536526}.EasyTest|x86.Build.0 = Release|Any CPU
		{4FE54555-5901-4ED9-B3EE-B1B416536526}.EasyTest|x86.Deploy.0 = Release|Any CPU
		{4FE54555-5901-4ED9-B3EE-B1B416536526}.Release|Any CPU.ActiveCfg = Release|Any CPU
		{4FE54555-5901-4ED9-B3EE-B1B416536526}.Release|Any CPU.Build.0 = Release|Any CPU
		{4FE54555-5901-4ED9-B3EE-B1B416536526}.Release|Any CPU.Deploy.0 = Release|Any CPU
		{4FE54555-5901-4ED9-B3EE-B1B416536526}.Release|ARM.ActiveCfg = Release|Any CPU
		{4FE54555-5901-4ED9-B3EE-B1B416536526}.Release|ARM.Build.0 = Release|Any CPU
		{4FE54555-5901-4ED9-B3EE-B1B416536526}.Release|ARM.Deploy.0 = Release|Any CPU
		{4FE54555-5901-4ED9-B3EE-B1B416536526}.Release|iPhone.ActiveCfg = Release|Any CPU
		{4FE54555-5901-4ED9-B3EE-B1B416536526}.Release|iPhone.Build.0 = Release|Any CPU
		{4FE54555-5901-4ED9-B3EE-B1B416536526}.Release|iPhone.Deploy.0 = Release|Any CPU
		{4FE54555-5901-4ED9-B3EE-B1B416536526}.Release|iPhoneSimulator.ActiveCfg = Release|Any CPU
		{4FE54555-5901-4ED9-B3EE-B1B416536526}.Release|iPhoneSimulator.Build.0 = Release|Any CPU
		{4FE54555-5901-4ED9-B3EE-B1B416536526}.Release|iPhoneSimulator.Deploy.0 = Release|Any CPU
		{4FE54555-5901-4ED9-B3EE-B1B416536526}.Release|x64.ActiveCfg = Release|Any CPU
		{4FE54555-5901-4ED9-B3EE-B1B416536526}.Release|x64.Build.0 = Release|Any CPU
		{4FE54555-5901-4ED9-B3EE-B1B416536526}.Release|x64.Deploy.0 = Release|Any CPU
		{4FE54555-5901-4ED9-B3EE-B1B416536526}.Release|x86.ActiveCfg = Release|Any CPU
		{4FE54555-5901-4ED9-B3EE-B1B416536526}.Release|x86.Build.0 = Release|Any CPU
		{4FE54555-5901-4ED9-B3EE-B1B416536526}.Release|x86.Deploy.0 = Release|Any CPU
		{CBC7D78A-9594-4718-9CBA-D7DDFB5B0191}.Ad-Hoc|Any CPU.ActiveCfg = Ad-Hoc|iPhone
		{CBC7D78A-9594-4718-9CBA-D7DDFB5B0191}.Ad-Hoc|ARM.ActiveCfg = Ad-Hoc|iPhone
		{CBC7D78A-9594-4718-9CBA-D7DDFB5B0191}.Ad-Hoc|iPhone.ActiveCfg = Ad-Hoc|iPhone
		{CBC7D78A-9594-4718-9CBA-D7DDFB5B0191}.Ad-Hoc|iPhone.Build.0 = Ad-Hoc|iPhone
		{CBC7D78A-9594-4718-9CBA-D7DDFB5B0191}.Ad-Hoc|iPhoneSimulator.ActiveCfg = Ad-Hoc|iPhoneSimulator
		{CBC7D78A-9594-4718-9CBA-D7DDFB5B0191}.Ad-Hoc|iPhoneSimulator.Build.0 = Ad-Hoc|iPhoneSimulator
		{CBC7D78A-9594-4718-9CBA-D7DDFB5B0191}.Ad-Hoc|x64.ActiveCfg = Ad-Hoc|iPhone
		{CBC7D78A-9594-4718-9CBA-D7DDFB5B0191}.Ad-Hoc|x86.ActiveCfg = Ad-Hoc|iPhone
		{CBC7D78A-9594-4718-9CBA-D7DDFB5B0191}.AppStore|Any CPU.ActiveCfg = AppStore|iPhone
		{CBC7D78A-9594-4718-9CBA-D7DDFB5B0191}.AppStore|ARM.ActiveCfg = AppStore|iPhone
		{CBC7D78A-9594-4718-9CBA-D7DDFB5B0191}.AppStore|iPhone.ActiveCfg = AppStore|iPhone
		{CBC7D78A-9594-4718-9CBA-D7DDFB5B0191}.AppStore|iPhone.Build.0 = AppStore|iPhone
		{CBC7D78A-9594-4718-9CBA-D7DDFB5B0191}.AppStore|iPhoneSimulator.ActiveCfg = AppStore|iPhoneSimulator
		{CBC7D78A-9594-4718-9CBA-D7DDFB5B0191}.AppStore|iPhoneSimulator.Build.0 = AppStore|iPhoneSimulator
		{CBC7D78A-9594-4718-9CBA-D7DDFB5B0191}.AppStore|x64.ActiveCfg = AppStore|iPhone
		{CBC7D78A-9594-4718-9CBA-D7DDFB5B0191}.AppStore|x86.ActiveCfg = AppStore|iPhone
		{CBC7D78A-9594-4718-9CBA-D7DDFB5B0191}.Debug|Any CPU.ActiveCfg = Debug|iPhone
		{CBC7D78A-9594-4718-9CBA-D7DDFB5B0191}.Debug|ARM.ActiveCfg = Debug|iPhone
		{CBC7D78A-9594-4718-9CBA-D7DDFB5B0191}.Debug|iPhone.ActiveCfg = Debug|iPhone
		{CBC7D78A-9594-4718-9CBA-D7DDFB5B0191}.Debug|iPhone.Build.0 = Debug|iPhone
		{CBC7D78A-9594-4718-9CBA-D7DDFB5B0191}.Debug|iPhoneSimulator.ActiveCfg = Debug|iPhoneSimulator
		{CBC7D78A-9594-4718-9CBA-D7DDFB5B0191}.Debug|iPhoneSimulator.Build.0 = Debug|iPhoneSimulator
		{CBC7D78A-9594-4718-9CBA-D7DDFB5B0191}.Debug|x64.ActiveCfg = Debug|iPhone
		{CBC7D78A-9594-4718-9CBA-D7DDFB5B0191}.Debug|x86.ActiveCfg = Debug|iPhone
		{CBC7D78A-9594-4718-9CBA-D7DDFB5B0191}.EasyTest|Any CPU.ActiveCfg = AppStore|iPhone
		{CBC7D78A-9594-4718-9CBA-D7DDFB5B0191}.EasyTest|Any CPU.Build.0 = AppStore|iPhone
		{CBC7D78A-9594-4718-9CBA-D7DDFB5B0191}.EasyTest|ARM.ActiveCfg = AppStore|iPhone
		{CBC7D78A-9594-4718-9CBA-D7DDFB5B0191}.EasyTest|ARM.Build.0 = AppStore|iPhone
		{CBC7D78A-9594-4718-9CBA-D7DDFB5B0191}.EasyTest|iPhone.ActiveCfg = AppStore|iPhone
		{CBC7D78A-9594-4718-9CBA-D7DDFB5B0191}.EasyTest|iPhone.Build.0 = AppStore|iPhone
		{CBC7D78A-9594-4718-9CBA-D7DDFB5B0191}.EasyTest|iPhoneSimulator.ActiveCfg = AppStore|iPhoneSimulator
		{CBC7D78A-9594-4718-9CBA-D7DDFB5B0191}.EasyTest|iPhoneSimulator.Build.0 = AppStore|iPhoneSimulator
		{CBC7D78A-9594-4718-9CBA-D7DDFB5B0191}.EasyTest|x64.ActiveCfg = AppStore|iPhone
		{CBC7D78A-9594-4718-9CBA-D7DDFB5B0191}.EasyTest|x64.Build.0 = AppStore|iPhone
		{CBC7D78A-9594-4718-9CBA-D7DDFB5B0191}.EasyTest|x86.ActiveCfg = AppStore|iPhone
		{CBC7D78A-9594-4718-9CBA-D7DDFB5B0191}.EasyTest|x86.Build.0 = AppStore|iPhone
		{CBC7D78A-9594-4718-9CBA-D7DDFB5B0191}.Release|Any CPU.ActiveCfg = Release|iPhone
		{CBC7D78A-9594-4718-9CBA-D7DDFB5B0191}.Release|ARM.ActiveCfg = Release|iPhone
		{CBC7D78A-9594-4718-9CBA-D7DDFB5B0191}.Release|iPhone.ActiveCfg = Release|iPhone
		{CBC7D78A-9594-4718-9CBA-D7DDFB5B0191}.Release|iPhone.Build.0 = Release|iPhone
		{CBC7D78A-9594-4718-9CBA-D7DDFB5B0191}.Release|iPhoneSimulator.ActiveCfg = Release|iPhoneSimulator
		{CBC7D78A-9594-4718-9CBA-D7DDFB5B0191}.Release|iPhoneSimulator.Build.0 = Release|iPhoneSimulator
		{CBC7D78A-9594-4718-9CBA-D7DDFB5B0191}.Release|x64.ActiveCfg = Release|iPhone
		{CBC7D78A-9594-4718-9CBA-D7DDFB5B0191}.Release|x86.ActiveCfg = Release|iPhone
		{4F4A814D-E6F8-41FF-9074-02D2CEF5BAB2}.Ad-Hoc|Any CPU.ActiveCfg = Release|x86
		{4F4A814D-E6F8-41FF-9074-02D2CEF5BAB2}.Ad-Hoc|Any CPU.Build.0 = Release|x86
		{4F4A814D-E6F8-41FF-9074-02D2CEF5BAB2}.Ad-Hoc|Any CPU.Deploy.0 = Release|x86
		{4F4A814D-E6F8-41FF-9074-02D2CEF5BAB2}.Ad-Hoc|ARM.ActiveCfg = Release|ARM
		{4F4A814D-E6F8-41FF-9074-02D2CEF5BAB2}.Ad-Hoc|ARM.Build.0 = Release|ARM
		{4F4A814D-E6F8-41FF-9074-02D2CEF5BAB2}.Ad-Hoc|ARM.Deploy.0 = Release|ARM
		{4F4A814D-E6F8-41FF-9074-02D2CEF5BAB2}.Ad-Hoc|iPhone.ActiveCfg = Release|x86
		{4F4A814D-E6F8-41FF-9074-02D2CEF5BAB2}.Ad-Hoc|iPhone.Build.0 = Release|x86
		{4F4A814D-E6F8-41FF-9074-02D2CEF5BAB2}.Ad-Hoc|iPhone.Deploy.0 = Release|x86
		{4F4A814D-E6F8-41FF-9074-02D2CEF5BAB2}.Ad-Hoc|iPhoneSimulator.ActiveCfg = Release|x86
		{4F4A814D-E6F8-41FF-9074-02D2CEF5BAB2}.Ad-Hoc|iPhoneSimulator.Build.0 = Release|x86
		{4F4A814D-E6F8-41FF-9074-02D2CEF5BAB2}.Ad-Hoc|iPhoneSimulator.Deploy.0 = Release|x86
		{4F4A814D-E6F8-41FF-9074-02D2CEF5BAB2}.Ad-Hoc|x64.ActiveCfg = Release|x64
		{4F4A814D-E6F8-41FF-9074-02D2CEF5BAB2}.Ad-Hoc|x64.Build.0 = Release|x64
		{4F4A814D-E6F8-41FF-9074-02D2CEF5BAB2}.Ad-Hoc|x64.Deploy.0 = Release|x64
		{4F4A814D-E6F8-41FF-9074-02D2CEF5BAB2}.Ad-Hoc|x86.ActiveCfg = Release|x86
		{4F4A814D-E6F8-41FF-9074-02D2CEF5BAB2}.Ad-Hoc|x86.Build.0 = Release|x86
		{4F4A814D-E6F8-41FF-9074-02D2CEF5BAB2}.Ad-Hoc|x86.Deploy.0 = Release|x86
		{4F4A814D-E6F8-41FF-9074-02D2CEF5BAB2}.AppStore|Any CPU.ActiveCfg = Release|x86
		{4F4A814D-E6F8-41FF-9074-02D2CEF5BAB2}.AppStore|Any CPU.Build.0 = Release|x86
		{4F4A814D-E6F8-41FF-9074-02D2CEF5BAB2}.AppStore|Any CPU.Deploy.0 = Release|x86
		{4F4A814D-E6F8-41FF-9074-02D2CEF5BAB2}.AppStore|ARM.ActiveCfg = Release|ARM
		{4F4A814D-E6F8-41FF-9074-02D2CEF5BAB2}.AppStore|ARM.Build.0 = Release|ARM
		{4F4A814D-E6F8-41FF-9074-02D2CEF5BAB2}.AppStore|ARM.Deploy.0 = Release|ARM
		{4F4A814D-E6F8-41FF-9074-02D2CEF5BAB2}.AppStore|iPhone.ActiveCfg = Release|x86
		{4F4A814D-E6F8-41FF-9074-02D2CEF5BAB2}.AppStore|iPhone.Build.0 = Release|x86
		{4F4A814D-E6F8-41FF-9074-02D2CEF5BAB2}.AppStore|iPhone.Deploy.0 = Release|x86
		{4F4A814D-E6F8-41FF-9074-02D2CEF5BAB2}.AppStore|iPhoneSimulator.ActiveCfg = Release|x86
		{4F4A814D-E6F8-41FF-9074-02D2CEF5BAB2}.AppStore|iPhoneSimulator.Build.0 = Release|x86
		{4F4A814D-E6F8-41FF-9074-02D2CEF5BAB2}.AppStore|iPhoneSimulator.Deploy.0 = Release|x86
		{4F4A814D-E6F8-41FF-9074-02D2CEF5BAB2}.AppStore|x64.ActiveCfg = Release|x64
		{4F4A814D-E6F8-41FF-9074-02D2CEF5BAB2}.AppStore|x64.Build.0 = Release|x64
		{4F4A814D-E6F8-41FF-9074-02D2CEF5BAB2}.AppStore|x64.Deploy.0 = Release|x64
		{4F4A814D-E6F8-41FF-9074-02D2CEF5BAB2}.AppStore|x86.ActiveCfg = Release|x86
		{4F4A814D-E6F8-41FF-9074-02D2CEF5BAB2}.AppStore|x86.Build.0 = Release|x86
		{4F4A814D-E6F8-41FF-9074-02D2CEF5BAB2}.AppStore|x86.Deploy.0 = Release|x86
		{4F4A814D-E6F8-41FF-9074-02D2CEF5BAB2}.Debug|Any CPU.ActiveCfg = Debug|x86
		{4F4A814D-E6F8-41FF-9074-02D2CEF5BAB2}.Debug|ARM.ActiveCfg = Debug|ARM
		{4F4A814D-E6F8-41FF-9074-02D2CEF5BAB2}.Debug|ARM.Build.0 = Debug|ARM
		{4F4A814D-E6F8-41FF-9074-02D2CEF5BAB2}.Debug|ARM.Deploy.0 = Debug|ARM
		{4F4A814D-E6F8-41FF-9074-02D2CEF5BAB2}.Debug|iPhone.ActiveCfg = Debug|x86
		{4F4A814D-E6F8-41FF-9074-02D2CEF5BAB2}.Debug|iPhoneSimulator.ActiveCfg = Debug|x86
		{4F4A814D-E6F8-41FF-9074-02D2CEF5BAB2}.Debug|x64.ActiveCfg = Debug|x64
		{4F4A814D-E6F8-41FF-9074-02D2CEF5BAB2}.Debug|x64.Build.0 = Debug|x64
		{4F4A814D-E6F8-41FF-9074-02D2CEF5BAB2}.Debug|x64.Deploy.0 = Debug|x64
		{4F4A814D-E6F8-41FF-9074-02D2CEF5BAB2}.Debug|x86.ActiveCfg = Debug|x86
		{4F4A814D-E6F8-41FF-9074-02D2CEF5BAB2}.Debug|x86.Build.0 = Debug|x86
		{4F4A814D-E6F8-41FF-9074-02D2CEF5BAB2}.Debug|x86.Deploy.0 = Debug|x86
		{4F4A814D-E6F8-41FF-9074-02D2CEF5BAB2}.EasyTest|Any CPU.ActiveCfg = Release|x86
		{4F4A814D-E6F8-41FF-9074-02D2CEF5BAB2}.EasyTest|Any CPU.Build.0 = Release|x86
		{4F4A814D-E6F8-41FF-9074-02D2CEF5BAB2}.EasyTest|Any CPU.Deploy.0 = Release|x86
		{4F4A814D-E6F8-41FF-9074-02D2CEF5BAB2}.EasyTest|ARM.ActiveCfg = Release|ARM
		{4F4A814D-E6F8-41FF-9074-02D2CEF5BAB2}.EasyTest|ARM.Build.0 = Release|ARM
		{4F4A814D-E6F8-41FF-9074-02D2CEF5BAB2}.EasyTest|ARM.Deploy.0 = Release|ARM
		{4F4A814D-E6F8-41FF-9074-02D2CEF5BAB2}.EasyTest|iPhone.ActiveCfg = Release|x86
		{4F4A814D-E6F8-41FF-9074-02D2CEF5BAB2}.EasyTest|iPhone.Build.0 = Release|x86
		{4F4A814D-E6F8-41FF-9074-02D2CEF5BAB2}.EasyTest|iPhone.Deploy.0 = Release|x86
		{4F4A814D-E6F8-41FF-9074-02D2CEF5BAB2}.EasyTest|iPhoneSimulator.ActiveCfg = Release|x86
		{4F4A814D-E6F8-41FF-9074-02D2CEF5BAB2}.EasyTest|iPhoneSimulator.Build.0 = Release|x86
		{4F4A814D-E6F8-41FF-9074-02D2CEF5BAB2}.EasyTest|iPhoneSimulator.Deploy.0 = Release|x86
		{4F4A814D-E6F8-41FF-9074-02D2CEF5BAB2}.EasyTest|x64.ActiveCfg = Release|x64
		{4F4A814D-E6F8-41FF-9074-02D2CEF5BAB2}.EasyTest|x64.Build.0 = Release|x64
		{4F4A814D-E6F8-41FF-9074-02D2CEF5BAB2}.EasyTest|x64.Deploy.0 = Release|x64
		{4F4A814D-E6F8-41FF-9074-02D2CEF5BAB2}.EasyTest|x86.ActiveCfg = Release|x86
		{4F4A814D-E6F8-41FF-9074-02D2CEF5BAB2}.EasyTest|x86.Build.0 = Release|x86
		{4F4A814D-E6F8-41FF-9074-02D2CEF5BAB2}.EasyTest|x86.Deploy.0 = Release|x86
		{4F4A814D-E6F8-41FF-9074-02D2CEF5BAB2}.Release|Any CPU.ActiveCfg = Release|x86
		{4F4A814D-E6F8-41FF-9074-02D2CEF5BAB2}.Release|ARM.ActiveCfg = Release|ARM
		{4F4A814D-E6F8-41FF-9074-02D2CEF5BAB2}.Release|ARM.Build.0 = Release|ARM
		{4F4A814D-E6F8-41FF-9074-02D2CEF5BAB2}.Release|ARM.Deploy.0 = Release|ARM
		{4F4A814D-E6F8-41FF-9074-02D2CEF5BAB2}.Release|iPhone.ActiveCfg = Release|x86
		{4F4A814D-E6F8-41FF-9074-02D2CEF5BAB2}.Release|iPhoneSimulator.ActiveCfg = Release|x86
		{4F4A814D-E6F8-41FF-9074-02D2CEF5BAB2}.Release|x64.ActiveCfg = Release|x64
		{4F4A814D-E6F8-41FF-9074-02D2CEF5BAB2}.Release|x64.Build.0 = Release|x64
		{4F4A814D-E6F8-41FF-9074-02D2CEF5BAB2}.Release|x64.Deploy.0 = Release|x64
		{4F4A814D-E6F8-41FF-9074-02D2CEF5BAB2}.Release|x86.ActiveCfg = Release|x86
		{4F4A814D-E6F8-41FF-9074-02D2CEF5BAB2}.Release|x86.Build.0 = Release|x86
		{4F4A814D-E6F8-41FF-9074-02D2CEF5BAB2}.Release|x86.Deploy.0 = Release|x86
	EndGlobalSection
	GlobalSection(SolutionProperties) = preSolution
		HideSolutionNode = FALSE
	EndGlobalSection
	GlobalSection(NestedProjects) = preSolution
		{5F15837D-D1E5-44DC-92F0-4F2EBE9C3F8D} = {3233123A-1D8B-450D-A6F4-9342A68C1DC2}
		{0C729AAD-7626-4668-A7F1-35F7D240489D} = {3233123A-1D8B-450D-A6F4-9342A68C1DC2}
		{82A6DBC9-B1B4-44E4-9718-55DF930CD349} = {3233123A-1D8B-450D-A6F4-9342A68C1DC2}
		{7964F87D-BC5D-4C4E-8B2F-71E89739AA97} = {3233123A-1D8B-450D-A6F4-9342A68C1DC2}
		{D05D93DF-312D-4D4E-B980-726871EC7833} = {3233123A-1D8B-450D-A6F4-9342A68C1DC2}
		{4F7E2355-AE8B-424D-A662-564FE32A2E0A} = {7864CA51-F421-45BD-B65C-44979C08CFDA}
		{CB68E5D3-36A3-4AB9-9CC9-2B396DB1FF6F} = {F116CCC6-F665-4CE6-8145-E8E9EA6967E1}
		{34A05C83-D712-482B-A495-6AF5D1F54DE4} = {1310BD3B-7E89-4313-A0BC-2D747B77D5CB}
		{4FE54555-5901-4ED9-B3EE-B1B416536526} = {1310BD3B-7E89-4313-A0BC-2D747B77D5CB}
		{CBC7D78A-9594-4718-9CBA-D7DDFB5B0191} = {1310BD3B-7E89-4313-A0BC-2D747B77D5CB}
		{4F4A814D-E6F8-41FF-9074-02D2CEF5BAB2} = {1310BD3B-7E89-4313-A0BC-2D747B77D5CB}
	EndGlobalSection
	GlobalSection(ExtensibilityGlobals) = postSolution
		SolutionGuid = {2E5ADB4D-E900-4F8E-A8D4-F98C28D9D8DE}
	EndGlobalSection
EndGlobal
